// !$*UTF8*$!
{
	archiveVersion = 1;
	classes = {
	};
	objectVersion = 48;
	objects = {

/* Begin PBXBuildFile section */
		1566EE591FB190AC001FBE1D /* AppDelegate.m in Sources */ = {isa = PBXBuildFile; fileRef = 1566EE581FB190AC001FBE1D /* AppDelegate.m */; };
		1566EE5C1FB190AC001FBE1D /* ViewController.m in Sources */ = {isa = PBXBuildFile; fileRef = 1566EE5B1FB190AC001FBE1D /* ViewController.m */; };
		1566EE5F1FB190AC001FBE1D /* Main.storyboard in Resources */ = {isa = PBXBuildFile; fileRef = 1566EE5D1FB190AC001FBE1D /* Main.storyboard */; };
		1566EE611FB190AC001FBE1D /* Assets.xcassets in Resources */ = {isa = PBXBuildFile; fileRef = 1566EE601FB190AC001FBE1D /* Assets.xcassets */; };
		1566EE641FB190AC001FBE1D /* LaunchScreen.storyboard in Resources */ = {isa = PBXBuildFile; fileRef = 1566EE621FB190AC001FBE1D /* LaunchScreen.storyboard */; };
		1566EE671FB190AC001FBE1D /* main.m in Sources */ = {isa = PBXBuildFile; fileRef = 1566EE661FB190AC001FBE1D /* main.m */; };
		1566EE9F1FB1929E001FBE1D /* NSDate+QFUtil.m in Sources */ = {isa = PBXBuildFile; fileRef = 1566EE791FB1929E001FBE1D /* NSDate+QFUtil.m */; };
		1566EEA01FB1929E001FBE1D /* NSObject+QFPPList.m in Sources */ = {isa = PBXBuildFile; fileRef = 1566EE7B1FB1929E001FBE1D /* NSObject+QFPPList.m */; };
		1566EEA11FB1929E001FBE1D /* NSObject+QFSwizzleUtil.m in Sources */ = {isa = PBXBuildFile; fileRef = 1566EE7D1FB1929E001FBE1D /* NSObject+QFSwizzleUtil.m */; };
		1566EEA21FB1929E001FBE1D /* NSObject+QFUtil.m in Sources */ = {isa = PBXBuildFile; fileRef = 1566EE7F1FB1929E001FBE1D /* NSObject+QFUtil.m */; };
		1566EEA41FB1929E001FBE1D /* NSString+QFUtil.m in Sources */ = {isa = PBXBuildFile; fileRef = 1566EE831FB1929E001FBE1D /* NSString+QFUtil.m */; };
		1566EEA51FB1929E001FBE1D /* NSUserDefaults+QFUtil.m in Sources */ = {isa = PBXBuildFile; fileRef = 1566EE851FB1929E001FBE1D /* NSUserDefaults+QFUtil.m */; };
		1566EEA61FB1929E001FBE1D /* QFDataConversion.m in Sources */ = {isa = PBXBuildFile; fileRef = 1566EE871FB1929E001FBE1D /* QFDataConversion.m */; };
		1566EEA71FB1929E001FBE1D /* QFHexConversion.m in Sources */ = {isa = PBXBuildFile; fileRef = 1566EE891FB1929E001FBE1D /* QFHexConversion.m */; };
		1566EEA91FB1929E001FBE1D /* UIApplication+QFUtil.m in Sources */ = {isa = PBXBuildFile; fileRef = 1566EE8C1FB1929E001FBE1D /* UIApplication+QFUtil.m */; };
		1566EEAA1FB1929E001FBE1D /* UIButton+QFUtil.m in Sources */ = {isa = PBXBuildFile; fileRef = 1566EE8E1FB1929E001FBE1D /* UIButton+QFUtil.m */; };
		1566EEAB1FB1929E001FBE1D /* UIColor+QFUtil.m in Sources */ = {isa = PBXBuildFile; fileRef = 1566EE901FB1929E001FBE1D /* UIColor+QFUtil.m */; };
		1566EEAD1FB1929E001FBE1D /* UINavigationController+QFUtil.m in Sources */ = {isa = PBXBuildFile; fileRef = 1566EE941FB1929E001FBE1D /* UINavigationController+QFUtil.m */; };
		1566EEAE1FB1929E001FBE1D /* UIScreen+QFUtil.m in Sources */ = {isa = PBXBuildFile; fileRef = 1566EE961FB1929E001FBE1D /* UIScreen+QFUtil.m */; };
		1566EEAF1FB1929E001FBE1D /* UIView+QFImage.m in Sources */ = {isa = PBXBuildFile; fileRef = 1566EE981FB1929E001FBE1D /* UIView+QFImage.m */; };
		1566EEB01FB1929E001FBE1D /* UIView+QFUtil.m in Sources */ = {isa = PBXBuildFile; fileRef = 1566EE9A1FB1929E001FBE1D /* UIView+QFUtil.m */; };
		1566EEB11FB1929E001FBE1D /* UIViewController+QFBackHandler.m in Sources */ = {isa = PBXBuildFile; fileRef = 1566EE9C1FB1929E001FBE1D /* UIViewController+QFBackHandler.m */; };
		1566EEB21FB1929E001FBE1D /* UIViewController+QFPrinter.m in Sources */ = {isa = PBXBuildFile; fileRef = 1566EE9E1FB1929E001FBE1D /* UIViewController+QFPrinter.m */; };
		1566EEC41FB19443001FBE1D /* NSArray+QFSafeUtil.m in Sources */ = {isa = PBXBuildFile; fileRef = 1566EEB51FB19443001FBE1D /* NSArray+QFSafeUtil.m */; };
		1566EEC51FB19443001FBE1D /* NSDictionary+QFSafeUtil.m in Sources */ = {isa = PBXBuildFile; fileRef = 1566EEB71FB19443001FBE1D /* NSDictionary+QFSafeUtil.m */; };
		1566EEC61FB19443001FBE1D /* NSObject+QFSafeNotify.m in Sources */ = {isa = PBXBuildFile; fileRef = 1566EEB91FB19443001FBE1D /* NSObject+QFSafeNotify.m */; };
		1566EEC71FB19443001FBE1D /* NSObject+QFSafeSEL.m in Sources */ = {isa = PBXBuildFile; fileRef = 1566EEBB1FB19443001FBE1D /* NSObject+QFSafeSEL.m */; };
		1566EEC81FB19443001FBE1D /* NSObject+QFSwizzleUtil.m in Sources */ = {isa = PBXBuildFile; fileRef = 1566EEBD1FB19443001FBE1D /* NSObject+QFSwizzleUtil.m */; };
		1566EEC91FB19443001FBE1D /* NSString+QFSafeUtil.m in Sources */ = {isa = PBXBuildFile; fileRef = 1566EEBF1FB19443001FBE1D /* NSString+QFSafeUtil.m */; };
		1566EECA1FB19443001FBE1D /* NSTimer+QFSafeUtil.m in Sources */ = {isa = PBXBuildFile; fileRef = 1566EEC11FB19443001FBE1D /* NSTimer+QFSafeUtil.m */; };
		1566EECB1FB19443001FBE1D /* UIControl+QFSafeUtil.m in Sources */ = {isa = PBXBuildFile; fileRef = 1566EEC31FB19443001FBE1D /* UIControl+QFSafeUtil.m */; };
		1566EEDD1FB194F6001FBE1D /* QFCellModel.m in Sources */ = {isa = PBXBuildFile; fileRef = 1566EECF1FB194F6001FBE1D /* QFCellModel.m */; };
		1566EEDE1FB194F6001FBE1D /* QFSectionModel.m in Sources */ = {isa = PBXBuildFile; fileRef = 1566EED11FB194F6001FBE1D /* QFSectionModel.m */; };
		1566EEDF1FB194F6001FBE1D /* QFTableModel.m in Sources */ = {isa = PBXBuildFile; fileRef = 1566EED31FB194F6001FBE1D /* QFTableModel.m */; };
		1566EEE01FB194F6001FBE1D /* NSObject+selector.m in Sources */ = {isa = PBXBuildFile; fileRef = 1566EED61FB194F6001FBE1D /* NSObject+selector.m */; };
		1566EEE11FB194F6001FBE1D /* UILabel+QFUtil.m in Sources */ = {isa = PBXBuildFile; fileRef = 1566EED91FB194F6001FBE1D /* UILabel+QFUtil.m */; };
		1566EEE21FB194F6001FBE1D /* QFTableView.m in Sources */ = {isa = PBXBuildFile; fileRef = 1566EEDC1FB194F6001FBE1D /* QFTableView.m */; };
		1566EEF51FB195FB001FBE1D /* QFBaseCell.m in Sources */ = {isa = PBXBuildFile; fileRef = 1566EEE61FB195FB001FBE1D /* QFBaseCell.m */; };
		1566EEF61FB195FB001FBE1D /* QFCustomCell.m in Sources */ = {isa = PBXBuildFile; fileRef = 1566EEE81FB195FB001FBE1D /* QFCustomCell.m */; };
		1566EEF71FB195FB001FBE1D /* QFLeftImageCell.m in Sources */ = {isa = PBXBuildFile; fileRef = 1566EEEA1FB195FB001FBE1D /* QFLeftImageCell.m */; };
		1566EEF81FB195FB001FBE1D /* QFLogoCell.m in Sources */ = {isa = PBXBuildFile; fileRef = 1566EEEC1FB195FB001FBE1D /* QFLogoCell.m */; };
		1566EEF91FB195FB001FBE1D /* QFRightImageCell.m in Sources */ = {isa = PBXBuildFile; fileRef = 1566EEEE1FB195FB001FBE1D /* QFRightImageCell.m */; };
		1566EEFA1FB195FB001FBE1D /* QFSwitchCell.m in Sources */ = {isa = PBXBuildFile; fileRef = 1566EEF01FB195FB001FBE1D /* QFSwitchCell.m */; };
		1566EEFB1FB195FB001FBE1D /* jsonFile.geojson in Resources */ = {isa = PBXBuildFile; fileRef = 1566EEF41FB195FB001FBE1D /* jsonFile.geojson */; };
		1566EF181FB1B7AD001FBE1D /* UIGestureRecognizer+QFUtil.m in Sources */ = {isa = PBXBuildFile; fileRef = 1566EF161FB1B7AD001FBE1D /* UIGestureRecognizer+QFUtil.m */; };
		1566EF221FB1BAF1001FBE1D /* MGRequestResultView.m in Sources */ = {isa = PBXBuildFile; fileRef = 1566EF1B1FB1BAF0001FBE1D /* MGRequestResultView.m */; };
		1566EF231FB1BAF1001FBE1D /* MGRequestResultView.xib in Resources */ = {isa = PBXBuildFile; fileRef = 1566EF1C1FB1BAF0001FBE1D /* MGRequestResultView.xib */; };
		1566EF241FB1BAF1001FBE1D /* MGUIToolKits.m in Sources */ = {isa = PBXBuildFile; fileRef = 1566EF1E1FB1BAF0001FBE1D /* MGUIToolKits.m */; };
		1566EF251FB1BAF1001FBE1D /* MGWaitingView.m in Sources */ = {isa = PBXBuildFile; fileRef = 1566EF201FB1BAF0001FBE1D /* MGWaitingView.m */; };
		1566EF261FB1BAF1001FBE1D /* MGWaitingView.xib in Resources */ = {isa = PBXBuildFile; fileRef = 1566EF211FB1BAF0001FBE1D /* MGWaitingView.xib */; };
		1566EF2D1FB28A91001FBE1D /* UIViewController+QFUtil.m in Sources */ = {isa = PBXBuildFile; fileRef = 1566EF2C1FB28A91001FBE1D /* UIViewController+QFUtil.m */; };
		1566EF301FB28D10001FBE1D /* UIDevice+QFUtil.m in Sources */ = {isa = PBXBuildFile; fileRef = 1566EF2F1FB28D10001FBE1D /* UIDevice+QFUtil.m */; };
		1566EF391FB29E52001FBE1D /* MGRefreshFooter.m in Sources */ = {isa = PBXBuildFile; fileRef = 1566EF361FB29E52001FBE1D /* MGRefreshFooter.m */; };
		1566EF3A1FB29E52001FBE1D /* MGRefreshHeader.m in Sources */ = {isa = PBXBuildFile; fileRef = 1566EF381FB29E52001FBE1D /* MGRefreshHeader.m */; };
		1566EF401FB29FD3001FBE1D /* ConstHttpUrl.m in Sources */ = {isa = PBXBuildFile; fileRef = 1566EF3D1FB29FD2001FBE1D /* ConstHttpUrl.m */; };
		1566EF411FB29FD3001FBE1D /* MGRequestManager.m in Sources */ = {isa = PBXBuildFile; fileRef = 1566EF3F1FB29FD2001FBE1D /* MGRequestManager.m */; };
		1566EF451FB2A0A9001FBE1D /* MGMBProgressHUD.m in Sources */ = {isa = PBXBuildFile; fileRef = 1566EF441FB2A0A9001FBE1D /* MGMBProgressHUD.m */; };
		1566EF511FB35623001FBE1D /* UIFont+Util.m in Sources */ = {isa = PBXBuildFile; fileRef = 1566EF4F1FB35623001FBE1D /* UIFont+Util.m */; };
		1566EF571FB35824001FBE1D /* UIImage+Util.m in Sources */ = {isa = PBXBuildFile; fileRef = 1566EF561FB35823001FBE1D /* UIImage+Util.m */; };
		DD1C22381329184AD35CCA46 /* libPods-QFProj.a in Frameworks */ = {isa = PBXBuildFile; fileRef = C9937C3AA22CB85CADD67BEC /* libPods-QFProj.a */; };
/* End PBXBuildFile section */

/* Begin PBXFileReference section */
		1566EE541FB190AC001FBE1D /* QFProj.app */ = {isa = PBXFileReference; explicitFileType = wrapper.application; includeInIndex = 0; path = QFProj.app; sourceTree = BUILT_PRODUCTS_DIR; };
		1566EE571FB190AC001FBE1D /* AppDelegate.h */ = {isa = PBXFileReference; lastKnownFileType = sourcecode.c.h; path = AppDelegate.h; sourceTree = "<group>"; };
		1566EE581FB190AC001FBE1D /* AppDelegate.m */ = {isa = PBXFileReference; lastKnownFileType = sourcecode.c.objc; path = AppDelegate.m; sourceTree = "<group>"; };
		1566EE5A1FB190AC001FBE1D /* ViewController.h */ = {isa = PBXFileReference; lastKnownFileType = sourcecode.c.h; path = ViewController.h; sourceTree = "<group>"; };
		1566EE5B1FB190AC001FBE1D /* ViewController.m */ = {isa = PBXFileReference; lastKnownFileType = sourcecode.c.objc; path = ViewController.m; sourceTree = "<group>"; };
		1566EE5E1FB190AC001FBE1D /* Base */ = {isa = PBXFileReference; lastKnownFileType = file.storyboard; name = Base; path = Base.lproj/Main.storyboard; sourceTree = "<group>"; };
		1566EE601FB190AC001FBE1D /* Assets.xcassets */ = {isa = PBXFileReference; lastKnownFileType = folder.assetcatalog; path = Assets.xcassets; sourceTree = "<group>"; };
		1566EE631FB190AC001FBE1D /* Base */ = {isa = PBXFileReference; lastKnownFileType = file.storyboard; name = Base; path = Base.lproj/LaunchScreen.storyboard; sourceTree = "<group>"; };
		1566EE651FB190AC001FBE1D /* Info.plist */ = {isa = PBXFileReference; lastKnownFileType = text.plist.xml; path = Info.plist; sourceTree = "<group>"; };
		1566EE661FB190AC001FBE1D /* main.m */ = {isa = PBXFileReference; lastKnownFileType = sourcecode.c.objc; path = main.m; sourceTree = "<group>"; };
		1566EE781FB1929E001FBE1D /* NSDate+QFUtil.h */ = {isa = PBXFileReference; fileEncoding = 4; lastKnownFileType = sourcecode.c.h; path = "NSDate+QFUtil.h"; sourceTree = "<group>"; };
		1566EE791FB1929E001FBE1D /* NSDate+QFUtil.m */ = {isa = PBXFileReference; fileEncoding = 4; lastKnownFileType = sourcecode.c.objc; path = "NSDate+QFUtil.m"; sourceTree = "<group>"; };
		1566EE7A1FB1929E001FBE1D /* NSObject+QFPPList.h */ = {isa = PBXFileReference; fileEncoding = 4; lastKnownFileType = sourcecode.c.h; path = "NSObject+QFPPList.h"; sourceTree = "<group>"; };
		1566EE7B1FB1929E001FBE1D /* NSObject+QFPPList.m */ = {isa = PBXFileReference; fileEncoding = 4; lastKnownFileType = sourcecode.c.objc; path = "NSObject+QFPPList.m"; sourceTree = "<group>"; };
		1566EE7C1FB1929E001FBE1D /* NSObject+QFSwizzleUtil.h */ = {isa = PBXFileReference; fileEncoding = 4; lastKnownFileType = sourcecode.c.h; path = "NSObject+QFSwizzleUtil.h"; sourceTree = "<group>"; };
		1566EE7D1FB1929E001FBE1D /* NSObject+QFSwizzleUtil.m */ = {isa = PBXFileReference; fileEncoding = 4; lastKnownFileType = sourcecode.c.objc; path = "NSObject+QFSwizzleUtil.m"; sourceTree = "<group>"; };
		1566EE7E1FB1929E001FBE1D /* NSObject+QFUtil.h */ = {isa = PBXFileReference; fileEncoding = 4; lastKnownFileType = sourcecode.c.h; path = "NSObject+QFUtil.h"; sourceTree = "<group>"; };
		1566EE7F1FB1929E001FBE1D /* NSObject+QFUtil.m */ = {isa = PBXFileReference; fileEncoding = 4; lastKnownFileType = sourcecode.c.objc; path = "NSObject+QFUtil.m"; sourceTree = "<group>"; };
		1566EE821FB1929E001FBE1D /* NSString+QFUtil.h */ = {isa = PBXFileReference; fileEncoding = 4; lastKnownFileType = sourcecode.c.h; path = "NSString+QFUtil.h"; sourceTree = "<group>"; };
		1566EE831FB1929E001FBE1D /* NSString+QFUtil.m */ = {isa = PBXFileReference; fileEncoding = 4; lastKnownFileType = sourcecode.c.objc; path = "NSString+QFUtil.m"; sourceTree = "<group>"; };
		1566EE841FB1929E001FBE1D /* NSUserDefaults+QFUtil.h */ = {isa = PBXFileReference; fileEncoding = 4; lastKnownFileType = sourcecode.c.h; path = "NSUserDefaults+QFUtil.h"; sourceTree = "<group>"; };
		1566EE851FB1929E001FBE1D /* NSUserDefaults+QFUtil.m */ = {isa = PBXFileReference; fileEncoding = 4; lastKnownFileType = sourcecode.c.objc; path = "NSUserDefaults+QFUtil.m"; sourceTree = "<group>"; };
		1566EE861FB1929E001FBE1D /* QFDataConversion.h */ = {isa = PBXFileReference; fileEncoding = 4; lastKnownFileType = sourcecode.c.h; path = QFDataConversion.h; sourceTree = "<group>"; };
		1566EE871FB1929E001FBE1D /* QFDataConversion.m */ = {isa = PBXFileReference; fileEncoding = 4; lastKnownFileType = sourcecode.c.objc; path = QFDataConversion.m; sourceTree = "<group>"; };
		1566EE881FB1929E001FBE1D /* QFHexConversion.h */ = {isa = PBXFileReference; fileEncoding = 4; lastKnownFileType = sourcecode.c.h; path = QFHexConversion.h; sourceTree = "<group>"; };
		1566EE891FB1929E001FBE1D /* QFHexConversion.m */ = {isa = PBXFileReference; fileEncoding = 4; lastKnownFileType = sourcecode.c.objc; path = QFHexConversion.m; sourceTree = "<group>"; };
		1566EE8B1FB1929E001FBE1D /* UIApplication+QFUtil.h */ = {isa = PBXFileReference; fileEncoding = 4; lastKnownFileType = sourcecode.c.h; path = "UIApplication+QFUtil.h"; sourceTree = "<group>"; };
		1566EE8C1FB1929E001FBE1D /* UIApplication+QFUtil.m */ = {isa = PBXFileReference; fileEncoding = 4; lastKnownFileType = sourcecode.c.objc; path = "UIApplication+QFUtil.m"; sourceTree = "<group>"; };
		1566EE8D1FB1929E001FBE1D /* UIButton+QFUtil.h */ = {isa = PBXFileReference; fileEncoding = 4; lastKnownFileType = sourcecode.c.h; path = "UIButton+QFUtil.h"; sourceTree = "<group>"; };
		1566EE8E1FB1929E001FBE1D /* UIButton+QFUtil.m */ = {isa = PBXFileReference; fileEncoding = 4; lastKnownFileType = sourcecode.c.objc; path = "UIButton+QFUtil.m"; sourceTree = "<group>"; };
		1566EE8F1FB1929E001FBE1D /* UIColor+QFUtil.h */ = {isa = PBXFileReference; fileEncoding = 4; lastKnownFileType = sourcecode.c.h; path = "UIColor+QFUtil.h"; sourceTree = "<group>"; };
		1566EE901FB1929E001FBE1D /* UIColor+QFUtil.m */ = {isa = PBXFileReference; fileEncoding = 4; lastKnownFileType = sourcecode.c.objc; path = "UIColor+QFUtil.m"; sourceTree = "<group>"; };
		1566EE931FB1929E001FBE1D /* UINavigationController+QFUtil.h */ = {isa = PBXFileReference; fileEncoding = 4; lastKnownFileType = sourcecode.c.h; path = "UINavigationController+QFUtil.h"; sourceTree = "<group>"; };
		1566EE941FB1929E001FBE1D /* UINavigationController+QFUtil.m */ = {isa = PBXFileReference; fileEncoding = 4; lastKnownFileType = sourcecode.c.objc; path = "UINavigationController+QFUtil.m"; sourceTree = "<group>"; };
		1566EE951FB1929E001FBE1D /* UIScreen+QFUtil.h */ = {isa = PBXFileReference; fileEncoding = 4; lastKnownFileType = sourcecode.c.h; path = "UIScreen+QFUtil.h"; sourceTree = "<group>"; };
		1566EE961FB1929E001FBE1D /* UIScreen+QFUtil.m */ = {isa = PBXFileReference; fileEncoding = 4; lastKnownFileType = sourcecode.c.objc; path = "UIScreen+QFUtil.m"; sourceTree = "<group>"; };
		1566EE971FB1929E001FBE1D /* UIView+QFImage.h */ = {isa = PBXFileReference; fileEncoding = 4; lastKnownFileType = sourcecode.c.h; path = "UIView+QFImage.h"; sourceTree = "<group>"; };
		1566EE981FB1929E001FBE1D /* UIView+QFImage.m */ = {isa = PBXFileReference; fileEncoding = 4; lastKnownFileType = sourcecode.c.objc; path = "UIView+QFImage.m"; sourceTree = "<group>"; };
		1566EE991FB1929E001FBE1D /* UIView+QFUtil.h */ = {isa = PBXFileReference; fileEncoding = 4; lastKnownFileType = sourcecode.c.h; path = "UIView+QFUtil.h"; sourceTree = "<group>"; };
		1566EE9A1FB1929E001FBE1D /* UIView+QFUtil.m */ = {isa = PBXFileReference; fileEncoding = 4; lastKnownFileType = sourcecode.c.objc; path = "UIView+QFUtil.m"; sourceTree = "<group>"; };
		1566EE9B1FB1929E001FBE1D /* UIViewController+QFBackHandler.h */ = {isa = PBXFileReference; fileEncoding = 4; lastKnownFileType = sourcecode.c.h; path = "UIViewController+QFBackHandler.h"; sourceTree = "<group>"; };
		1566EE9C1FB1929E001FBE1D /* UIViewController+QFBackHandler.m */ = {isa = PBXFileReference; fileEncoding = 4; lastKnownFileType = sourcecode.c.objc; path = "UIViewController+QFBackHandler.m"; sourceTree = "<group>"; };
		1566EE9D1FB1929E001FBE1D /* UIViewController+QFPrinter.h */ = {isa = PBXFileReference; fileEncoding = 4; lastKnownFileType = sourcecode.c.h; path = "UIViewController+QFPrinter.h"; sourceTree = "<group>"; };
		1566EE9E1FB1929E001FBE1D /* UIViewController+QFPrinter.m */ = {isa = PBXFileReference; fileEncoding = 4; lastKnownFileType = sourcecode.c.objc; path = "UIViewController+QFPrinter.m"; sourceTree = "<group>"; };
		1566EEB41FB19443001FBE1D /* NSArray+QFSafeUtil.h */ = {isa = PBXFileReference; fileEncoding = 4; lastKnownFileType = sourcecode.c.h; path = "NSArray+QFSafeUtil.h"; sourceTree = "<group>"; };
		1566EEB51FB19443001FBE1D /* NSArray+QFSafeUtil.m */ = {isa = PBXFileReference; fileEncoding = 4; lastKnownFileType = sourcecode.c.objc; path = "NSArray+QFSafeUtil.m"; sourceTree = "<group>"; };
		1566EEB61FB19443001FBE1D /* NSDictionary+QFSafeUtil.h */ = {isa = PBXFileReference; fileEncoding = 4; lastKnownFileType = sourcecode.c.h; path = "NSDictionary+QFSafeUtil.h"; sourceTree = "<group>"; };
		1566EEB71FB19443001FBE1D /* NSDictionary+QFSafeUtil.m */ = {isa = PBXFileReference; fileEncoding = 4; lastKnownFileType = sourcecode.c.objc; path = "NSDictionary+QFSafeUtil.m"; sourceTree = "<group>"; };
		1566EEB81FB19443001FBE1D /* NSObject+QFSafeNotify.h */ = {isa = PBXFileReference; fileEncoding = 4; lastKnownFileType = sourcecode.c.h; path = "NSObject+QFSafeNotify.h"; sourceTree = "<group>"; };
		1566EEB91FB19443001FBE1D /* NSObject+QFSafeNotify.m */ = {isa = PBXFileReference; fileEncoding = 4; lastKnownFileType = sourcecode.c.objc; path = "NSObject+QFSafeNotify.m"; sourceTree = "<group>"; };
		1566EEBA1FB19443001FBE1D /* NSObject+QFSafeSEL.h */ = {isa = PBXFileReference; fileEncoding = 4; lastKnownFileType = sourcecode.c.h; path = "NSObject+QFSafeSEL.h"; sourceTree = "<group>"; };
		1566EEBB1FB19443001FBE1D /* NSObject+QFSafeSEL.m */ = {isa = PBXFileReference; fileEncoding = 4; lastKnownFileType = sourcecode.c.objc; path = "NSObject+QFSafeSEL.m"; sourceTree = "<group>"; };
		1566EEBC1FB19443001FBE1D /* NSObject+QFSwizzleUtil.h */ = {isa = PBXFileReference; fileEncoding = 4; lastKnownFileType = sourcecode.c.h; path = "NSObject+QFSwizzleUtil.h"; sourceTree = "<group>"; };
		1566EEBD1FB19443001FBE1D /* NSObject+QFSwizzleUtil.m */ = {isa = PBXFileReference; fileEncoding = 4; lastKnownFileType = sourcecode.c.objc; path = "NSObject+QFSwizzleUtil.m"; sourceTree = "<group>"; };
		1566EEBE1FB19443001FBE1D /* NSString+QFSafeUtil.h */ = {isa = PBXFileReference; fileEncoding = 4; lastKnownFileType = sourcecode.c.h; path = "NSString+QFSafeUtil.h"; sourceTree = "<group>"; };
		1566EEBF1FB19443001FBE1D /* NSString+QFSafeUtil.m */ = {isa = PBXFileReference; fileEncoding = 4; lastKnownFileType = sourcecode.c.objc; path = "NSString+QFSafeUtil.m"; sourceTree = "<group>"; };
		1566EEC01FB19443001FBE1D /* NSTimer+QFSafeUtil.h */ = {isa = PBXFileReference; fileEncoding = 4; lastKnownFileType = sourcecode.c.h; path = "NSTimer+QFSafeUtil.h"; sourceTree = "<group>"; };
		1566EEC11FB19443001FBE1D /* NSTimer+QFSafeUtil.m */ = {isa = PBXFileReference; fileEncoding = 4; lastKnownFileType = sourcecode.c.objc; path = "NSTimer+QFSafeUtil.m"; sourceTree = "<group>"; };
		1566EEC21FB19443001FBE1D /* UIControl+QFSafeUtil.h */ = {isa = PBXFileReference; fileEncoding = 4; lastKnownFileType = sourcecode.c.h; path = "UIControl+QFSafeUtil.h"; sourceTree = "<group>"; };
		1566EEC31FB19443001FBE1D /* UIControl+QFSafeUtil.m */ = {isa = PBXFileReference; fileEncoding = 4; lastKnownFileType = sourcecode.c.objc; path = "UIControl+QFSafeUtil.m"; sourceTree = "<group>"; };
		1566EECE1FB194F6001FBE1D /* QFCellModel.h */ = {isa = PBXFileReference; fileEncoding = 4; lastKnownFileType = sourcecode.c.h; path = QFCellModel.h; sourceTree = "<group>"; };
		1566EECF1FB194F6001FBE1D /* QFCellModel.m */ = {isa = PBXFileReference; fileEncoding = 4; lastKnownFileType = sourcecode.c.objc; path = QFCellModel.m; sourceTree = "<group>"; };
		1566EED01FB194F6001FBE1D /* QFSectionModel.h */ = {isa = PBXFileReference; fileEncoding = 4; lastKnownFileType = sourcecode.c.h; path = QFSectionModel.h; sourceTree = "<group>"; };
		1566EED11FB194F6001FBE1D /* QFSectionModel.m */ = {isa = PBXFileReference; fileEncoding = 4; lastKnownFileType = sourcecode.c.objc; path = QFSectionModel.m; sourceTree = "<group>"; };
		1566EED21FB194F6001FBE1D /* QFTableModel.h */ = {isa = PBXFileReference; fileEncoding = 4; lastKnownFileType = sourcecode.c.h; path = QFTableModel.h; sourceTree = "<group>"; };
		1566EED31FB194F6001FBE1D /* QFTableModel.m */ = {isa = PBXFileReference; fileEncoding = 4; lastKnownFileType = sourcecode.c.objc; path = QFTableModel.m; sourceTree = "<group>"; };
		1566EED51FB194F6001FBE1D /* NSObject+selector.h */ = {isa = PBXFileReference; fileEncoding = 4; lastKnownFileType = sourcecode.c.h; path = "NSObject+selector.h"; sourceTree = "<group>"; };
		1566EED61FB194F6001FBE1D /* NSObject+selector.m */ = {isa = PBXFileReference; fileEncoding = 4; lastKnownFileType = sourcecode.c.objc; path = "NSObject+selector.m"; sourceTree = "<group>"; };
		1566EED81FB194F6001FBE1D /* UILabel+QFUtil.h */ = {isa = PBXFileReference; fileEncoding = 4; lastKnownFileType = sourcecode.c.h; path = "UILabel+QFUtil.h"; sourceTree = "<group>"; };
		1566EED91FB194F6001FBE1D /* UILabel+QFUtil.m */ = {isa = PBXFileReference; fileEncoding = 4; lastKnownFileType = sourcecode.c.objc; path = "UILabel+QFUtil.m"; sourceTree = "<group>"; };
		1566EEDB1FB194F6001FBE1D /* QFTableView.h */ = {isa = PBXFileReference; fileEncoding = 4; lastKnownFileType = sourcecode.c.h; path = QFTableView.h; sourceTree = "<group>"; };
		1566EEDC1FB194F6001FBE1D /* QFTableView.m */ = {isa = PBXFileReference; fileEncoding = 4; lastKnownFileType = sourcecode.c.objc; path = QFTableView.m; sourceTree = "<group>"; };
		1566EEE51FB195FB001FBE1D /* QFBaseCell.h */ = {isa = PBXFileReference; fileEncoding = 4; lastKnownFileType = sourcecode.c.h; path = QFBaseCell.h; sourceTree = "<group>"; };
		1566EEE61FB195FB001FBE1D /* QFBaseCell.m */ = {isa = PBXFileReference; fileEncoding = 4; lastKnownFileType = sourcecode.c.objc; path = QFBaseCell.m; sourceTree = "<group>"; };
		1566EEE71FB195FB001FBE1D /* QFCustomCell.h */ = {isa = PBXFileReference; fileEncoding = 4; lastKnownFileType = sourcecode.c.h; path = QFCustomCell.h; sourceTree = "<group>"; };
		1566EEE81FB195FB001FBE1D /* QFCustomCell.m */ = {isa = PBXFileReference; fileEncoding = 4; lastKnownFileType = sourcecode.c.objc; path = QFCustomCell.m; sourceTree = "<group>"; };
		1566EEE91FB195FB001FBE1D /* QFLeftImageCell.h */ = {isa = PBXFileReference; fileEncoding = 4; lastKnownFileType = sourcecode.c.h; path = QFLeftImageCell.h; sourceTree = "<group>"; };
		1566EEEA1FB195FB001FBE1D /* QFLeftImageCell.m */ = {isa = PBXFileReference; fileEncoding = 4; lastKnownFileType = sourcecode.c.objc; path = QFLeftImageCell.m; sourceTree = "<group>"; };
		1566EEEB1FB195FB001FBE1D /* QFLogoCell.h */ = {isa = PBXFileReference; fileEncoding = 4; lastKnownFileType = sourcecode.c.h; path = QFLogoCell.h; sourceTree = "<group>"; };
		1566EEEC1FB195FB001FBE1D /* QFLogoCell.m */ = {isa = PBXFileReference; fileEncoding = 4; lastKnownFileType = sourcecode.c.objc; path = QFLogoCell.m; sourceTree = "<group>"; };
		1566EEED1FB195FB001FBE1D /* QFRightImageCell.h */ = {isa = PBXFileReference; fileEncoding = 4; lastKnownFileType = sourcecode.c.h; path = QFRightImageCell.h; sourceTree = "<group>"; };
		1566EEEE1FB195FB001FBE1D /* QFRightImageCell.m */ = {isa = PBXFileReference; fileEncoding = 4; lastKnownFileType = sourcecode.c.objc; path = QFRightImageCell.m; sourceTree = "<group>"; };
		1566EEEF1FB195FB001FBE1D /* QFSwitchCell.h */ = {isa = PBXFileReference; fileEncoding = 4; lastKnownFileType = sourcecode.c.h; path = QFSwitchCell.h; sourceTree = "<group>"; };
		1566EEF01FB195FB001FBE1D /* QFSwitchCell.m */ = {isa = PBXFileReference; fileEncoding = 4; lastKnownFileType = sourcecode.c.objc; path = QFSwitchCell.m; sourceTree = "<group>"; };
		1566EEF21FB195FB001FBE1D /* QFWeakDefine.h */ = {isa = PBXFileReference; fileEncoding = 4; lastKnownFileType = sourcecode.c.h; path = QFWeakDefine.h; sourceTree = "<group>"; };
		1566EEF41FB195FB001FBE1D /* jsonFile.geojson */ = {isa = PBXFileReference; fileEncoding = 4; lastKnownFileType = text; path = jsonFile.geojson; sourceTree = "<group>"; };
		1566EF161FB1B7AD001FBE1D /* UIGestureRecognizer+QFUtil.m */ = {isa = PBXFileReference; fileEncoding = 4; lastKnownFileType = sourcecode.c.objc; path = "UIGestureRecognizer+QFUtil.m"; sourceTree = "<group>"; };
		1566EF171FB1B7AD001FBE1D /* UIGestureRecognizer+QFUtil.h */ = {isa = PBXFileReference; fileEncoding = 4; lastKnownFileType = sourcecode.c.h; path = "UIGestureRecognizer+QFUtil.h"; sourceTree = "<group>"; };
		1566EF1A1FB1BAF0001FBE1D /* MGRequestResultView.h */ = {isa = PBXFileReference; fileEncoding = 4; lastKnownFileType = sourcecode.c.h; path = MGRequestResultView.h; sourceTree = "<group>"; };
		1566EF1B1FB1BAF0001FBE1D /* MGRequestResultView.m */ = {isa = PBXFileReference; fileEncoding = 4; lastKnownFileType = sourcecode.c.objc; path = MGRequestResultView.m; sourceTree = "<group>"; };
		1566EF1C1FB1BAF0001FBE1D /* MGRequestResultView.xib */ = {isa = PBXFileReference; fileEncoding = 4; lastKnownFileType = file.xib; path = MGRequestResultView.xib; sourceTree = "<group>"; };
		1566EF1D1FB1BAF0001FBE1D /* MGUIToolKits.h */ = {isa = PBXFileReference; fileEncoding = 4; lastKnownFileType = sourcecode.c.h; path = MGUIToolKits.h; sourceTree = "<group>"; };
		1566EF1E1FB1BAF0001FBE1D /* MGUIToolKits.m */ = {isa = PBXFileReference; fileEncoding = 4; lastKnownFileType = sourcecode.c.objc; path = MGUIToolKits.m; sourceTree = "<group>"; };
		1566EF1F1FB1BAF0001FBE1D /* MGWaitingView.h */ = {isa = PBXFileReference; fileEncoding = 4; lastKnownFileType = sourcecode.c.h; path = MGWaitingView.h; sourceTree = "<group>"; };
		1566EF201FB1BAF0001FBE1D /* MGWaitingView.m */ = {isa = PBXFileReference; fileEncoding = 4; lastKnownFileType = sourcecode.c.objc; path = MGWaitingView.m; sourceTree = "<group>"; };
		1566EF211FB1BAF0001FBE1D /* MGWaitingView.xib */ = {isa = PBXFileReference; fileEncoding = 4; lastKnownFileType = file.xib; path = MGWaitingView.xib; sourceTree = "<group>"; };
		1566EF271FB1BB2F001FBE1D /* QFKit.h */ = {isa = PBXFileReference; lastKnownFileType = sourcecode.c.h; path = QFKit.h; sourceTree = "<group>"; };
		1566EF2B1FB28A91001FBE1D /* UIViewController+QFUtil.h */ = {isa = PBXFileReference; lastKnownFileType = sourcecode.c.h; path = "UIViewController+QFUtil.h"; sourceTree = "<group>"; };
		1566EF2C1FB28A91001FBE1D /* UIViewController+QFUtil.m */ = {isa = PBXFileReference; lastKnownFileType = sourcecode.c.objc; path = "UIViewController+QFUtil.m"; sourceTree = "<group>"; };
		1566EF2E1FB28D10001FBE1D /* UIDevice+QFUtil.h */ = {isa = PBXFileReference; lastKnownFileType = sourcecode.c.h; path = "UIDevice+QFUtil.h"; sourceTree = "<group>"; };
		1566EF2F1FB28D10001FBE1D /* UIDevice+QFUtil.m */ = {isa = PBXFileReference; lastKnownFileType = sourcecode.c.objc; path = "UIDevice+QFUtil.m"; sourceTree = "<group>"; };
		1566EF351FB29E52001FBE1D /* MGRefreshFooter.h */ = {isa = PBXFileReference; fileEncoding = 4; lastKnownFileType = sourcecode.c.h; path = MGRefreshFooter.h; sourceTree = "<group>"; };
		1566EF361FB29E52001FBE1D /* MGRefreshFooter.m */ = {isa = PBXFileReference; fileEncoding = 4; lastKnownFileType = sourcecode.c.objc; path = MGRefreshFooter.m; sourceTree = "<group>"; };
		1566EF371FB29E52001FBE1D /* MGRefreshHeader.h */ = {isa = PBXFileReference; fileEncoding = 4; lastKnownFileType = sourcecode.c.h; path = MGRefreshHeader.h; sourceTree = "<group>"; };
		1566EF381FB29E52001FBE1D /* MGRefreshHeader.m */ = {isa = PBXFileReference; fileEncoding = 4; lastKnownFileType = sourcecode.c.objc; path = MGRefreshHeader.m; sourceTree = "<group>"; };
		1566EF3C1FB29FD2001FBE1D /* ConstHttpUrl.h */ = {isa = PBXFileReference; fileEncoding = 4; lastKnownFileType = sourcecode.c.h; path = ConstHttpUrl.h; sourceTree = "<group>"; };
		1566EF3D1FB29FD2001FBE1D /* ConstHttpUrl.m */ = {isa = PBXFileReference; fileEncoding = 4; lastKnownFileType = sourcecode.c.objc; path = ConstHttpUrl.m; sourceTree = "<group>"; };
		1566EF3E1FB29FD2001FBE1D /* MGRequestManager.h */ = {isa = PBXFileReference; fileEncoding = 4; lastKnownFileType = sourcecode.c.h; path = MGRequestManager.h; sourceTree = "<group>"; };
		1566EF3F1FB29FD2001FBE1D /* MGRequestManager.m */ = {isa = PBXFileReference; fileEncoding = 4; lastKnownFileType = sourcecode.c.objc; path = MGRequestManager.m; sourceTree = "<group>"; };
		1566EF431FB2A0A9001FBE1D /* MGMBProgressHUD.h */ = {isa = PBXFileReference; fileEncoding = 4; lastKnownFileType = sourcecode.c.h; path = MGMBProgressHUD.h; sourceTree = "<group>"; };
		1566EF441FB2A0A9001FBE1D /* MGMBProgressHUD.m */ = {isa = PBXFileReference; fileEncoding = 4; lastKnownFileType = sourcecode.c.objc; path = MGMBProgressHUD.m; sourceTree = "<group>"; };
		1566EF4F1FB35623001FBE1D /* UIFont+Util.m */ = {isa = PBXFileReference; fileEncoding = 4; lastKnownFileType = sourcecode.c.objc; path = "UIFont+Util.m"; sourceTree = "<group>"; };
		1566EF501FB35623001FBE1D /* UIFont+Util.h */ = {isa = PBXFileReference; fileEncoding = 4; lastKnownFileType = sourcecode.c.h; path = "UIFont+Util.h"; sourceTree = "<group>"; };
		1566EF551FB35823001FBE1D /* UIImage+Util.h */ = {isa = PBXFileReference; fileEncoding = 4; lastKnownFileType = sourcecode.c.h; path = "UIImage+Util.h"; sourceTree = "<group>"; };
		1566EF561FB35823001FBE1D /* UIImage+Util.m */ = {isa = PBXFileReference; fileEncoding = 4; lastKnownFileType = sourcecode.c.objc; path = "UIImage+Util.m"; sourceTree = "<group>"; };
		6A41D332CA9FDEF05163BCBF /* Pods-QFProj.release.xcconfig */ = {isa = PBXFileReference; includeInIndex = 1; lastKnownFileType = text.xcconfig; name = "Pods-QFProj.release.xcconfig"; path = "Pods/Target Support Files/Pods-QFProj/Pods-QFProj.release.xcconfig"; sourceTree = "<group>"; };
		C9937C3AA22CB85CADD67BEC /* libPods-QFProj.a */ = {isa = PBXFileReference; explicitFileType = archive.ar; includeInIndex = 0; path = "libPods-QFProj.a"; sourceTree = BUILT_PRODUCTS_DIR; };
		CF8CC7C9C1725C395D314B6C /* Pods-QFProj.debug.xcconfig */ = {isa = PBXFileReference; includeInIndex = 1; lastKnownFileType = text.xcconfig; name = "Pods-QFProj.debug.xcconfig"; path = "Pods/Target Support Files/Pods-QFProj/Pods-QFProj.debug.xcconfig"; sourceTree = "<group>"; };
/* End PBXFileReference section */

/* Begin PBXFrameworksBuildPhase section */
		1566EE511FB190AC001FBE1D /* Frameworks */ = {
			isa = PBXFrameworksBuildPhase;
			buildActionMask = 2147483647;
			files = (
				DD1C22381329184AD35CCA46 /* libPods-QFProj.a in Frameworks */,
			);
			runOnlyForDeploymentPostprocessing = 0;
		};
/* End PBXFrameworksBuildPhase section */

/* Begin PBXGroup section */
		1566EE4B1FB190AC001FBE1D = {
			isa = PBXGroup;
			children = (
				1566EE6E1FB191C4001FBE1D /* Classes */,
				1566EE6D1FB191C4001FBE1D /* Vendors */,
				1566EE561FB190AC001FBE1D /* QFProj */,
				1566EE551FB190AC001FBE1D /* Products */,
				98DAACCCF7D509246CB4FA10 /* Pods */,
				292F24F0E9A4FFBE24A0F65D /* Frameworks */,
			);
			sourceTree = "<group>";
		};
		1566EE551FB190AC001FBE1D /* Products */ = {
			isa = PBXGroup;
			children = (
				1566EE541FB190AC001FBE1D /* QFProj.app */,
			);
			name = Products;
			sourceTree = "<group>";
		};
		1566EE561FB190AC001FBE1D /* QFProj */ = {
			isa = PBXGroup;
			children = (
				1566EE571FB190AC001FBE1D /* AppDelegate.h */,
				1566EE581FB190AC001FBE1D /* AppDelegate.m */,
				1566EE5A1FB190AC001FBE1D /* ViewController.h */,
				1566EE5B1FB190AC001FBE1D /* ViewController.m */,
				1566EE5D1FB190AC001FBE1D /* Main.storyboard */,
				1566EE601FB190AC001FBE1D /* Assets.xcassets */,
				1566EE621FB190AC001FBE1D /* LaunchScreen.storyboard */,
				1566EE651FB190AC001FBE1D /* Info.plist */,
				1566EE661FB190AC001FBE1D /* main.m */,
			);
			path = QFProj;
			sourceTree = "<group>";
		};
		1566EE6D1FB191C4001FBE1D /* Vendors */ = {
			isa = PBXGroup;
			children = (
				1566EECC1FB194F6001FBE1D /* QFTable */,
			);
			name = Vendors;
			path = QFProj/Vendors;
			sourceTree = "<group>";
		};
		1566EE6E1FB191C4001FBE1D /* Classes */ = {
			isa = PBXGroup;
			children = (
				1566EE6F1FB191C4001FBE1D /* App */,
				1566EE721FB191C4001FBE1D /* Feature */,
				1566EE751FB191C4001FBE1D /* Sevice */,
				1566EE761FB191C4001FBE1D /* Util */,
			);
			name = Classes;
			path = QFProj/Classes;
			sourceTree = "<group>";
		};
		1566EE6F1FB191C4001FBE1D /* App */ = {
			isa = PBXGroup;
			children = (
				1566EE701FB191C4001FBE1D /* Delegate */,
				1566EE711FB191C4001FBE1D /* Macro */,
			);
			path = App;
			sourceTree = "<group>";
		};
		1566EE701FB191C4001FBE1D /* Delegate */ = {
			isa = PBXGroup;
			children = (
			);
			path = Delegate;
			sourceTree = "<group>";
		};
		1566EE711FB191C4001FBE1D /* Macro */ = {
			isa = PBXGroup;
			children = (
			);
			path = Macro;
			sourceTree = "<group>";
		};
		1566EE721FB191C4001FBE1D /* Feature */ = {
			isa = PBXGroup;
			children = (
				1566EE731FB191C4001FBE1D /* VC */,
				1566EE741FB191C4001FBE1D /* View */,
			);
			path = Feature;
			sourceTree = "<group>";
		};
		1566EE731FB191C4001FBE1D /* VC */ = {
			isa = PBXGroup;
			children = (
			);
			path = VC;
			sourceTree = "<group>";
		};
		1566EE741FB191C4001FBE1D /* View */ = {
			isa = PBXGroup;
			children = (
				1566EF191FB1BAF0001FBE1D /* Public */,
			);
			path = View;
			sourceTree = "<group>";
		};
		1566EE751FB191C4001FBE1D /* Sevice */ = {
			isa = PBXGroup;
			children = (
			);
			path = Sevice;
			sourceTree = "<group>";
		};
		1566EE761FB191C4001FBE1D /* Util */ = {
			isa = PBXGroup;
			children = (
				1566EEB31FB19443001FBE1D /* QFSafeUtil */,
				1566EE771FB1929E001FBE1D /* QFUtil */,
			);
			path = Util;
			sourceTree = "<group>";
		};
		1566EE771FB1929E001FBE1D /* QFUtil */ = {
			isa = PBXGroup;
			children = (
				1566EE781FB1929E001FBE1D /* NSDate+QFUtil.h */,
				1566EE791FB1929E001FBE1D /* NSDate+QFUtil.m */,
				1566EE7A1FB1929E001FBE1D /* NSObject+QFPPList.h */,
				1566EE7B1FB1929E001FBE1D /* NSObject+QFPPList.m */,
				1566EE7C1FB1929E001FBE1D /* NSObject+QFSwizzleUtil.h */,
				1566EE7D1FB1929E001FBE1D /* NSObject+QFSwizzleUtil.m */,
				1566EE7E1FB1929E001FBE1D /* NSObject+QFUtil.h */,
				1566EE7F1FB1929E001FBE1D /* NSObject+QFUtil.m */,
				1566EE821FB1929E001FBE1D /* NSString+QFUtil.h */,
				1566EE831FB1929E001FBE1D /* NSString+QFUtil.m */,
				1566EE841FB1929E001FBE1D /* NSUserDefaults+QFUtil.h */,
				1566EE851FB1929E001FBE1D /* NSUserDefaults+QFUtil.m */,
				1566EE861FB1929E001FBE1D /* QFDataConversion.h */,
				1566EE871FB1929E001FBE1D /* QFDataConversion.m */,
				1566EE881FB1929E001FBE1D /* QFHexConversion.h */,
				1566EE891FB1929E001FBE1D /* QFHexConversion.m */,
				1566EE8B1FB1929E001FBE1D /* UIApplication+QFUtil.h */,
				1566EE8C1FB1929E001FBE1D /* UIApplication+QFUtil.m */,
				1566EE8D1FB1929E001FBE1D /* UIButton+QFUtil.h */,
				1566EE8E1FB1929E001FBE1D /* UIButton+QFUtil.m */,
				1566EE8F1FB1929E001FBE1D /* UIColor+QFUtil.h */,
				1566EE901FB1929E001FBE1D /* UIColor+QFUtil.m */,
				1566EF501FB35623001FBE1D /* UIFont+Util.h */,
				1566EF4F1FB35623001FBE1D /* UIFont+Util.m */,
				1566EF551FB35823001FBE1D /* UIImage+Util.h */,
				1566EF561FB35823001FBE1D /* UIImage+Util.m */,
				1566EE931FB1929E001FBE1D /* UINavigationController+QFUtil.h */,
				1566EE941FB1929E001FBE1D /* UINavigationController+QFUtil.m */,
				1566EE951FB1929E001FBE1D /* UIScreen+QFUtil.h */,
				1566EE961FB1929E001FBE1D /* UIScreen+QFUtil.m */,
				1566EF171FB1B7AD001FBE1D /* UIGestureRecognizer+QFUtil.h */,
				1566EF161FB1B7AD001FBE1D /* UIGestureRecognizer+QFUtil.m */,
				1566EE971FB1929E001FBE1D /* UIView+QFImage.h */,
				1566EE981FB1929E001FBE1D /* UIView+QFImage.m */,
				1566EE991FB1929E001FBE1D /* UIView+QFUtil.h */,
				1566EE9A1FB1929E001FBE1D /* UIView+QFUtil.m */,
				1566EF2E1FB28D10001FBE1D /* UIDevice+QFUtil.h */,
				1566EF2F1FB28D10001FBE1D /* UIDevice+QFUtil.m */,
				1566EE9B1FB1929E001FBE1D /* UIViewController+QFBackHandler.h */,
				1566EE9C1FB1929E001FBE1D /* UIViewController+QFBackHandler.m */,
				1566EE9D1FB1929E001FBE1D /* UIViewController+QFPrinter.h */,
				1566EE9E1FB1929E001FBE1D /* UIViewController+QFPrinter.m */,
				1566EF2B1FB28A91001FBE1D /* UIViewController+QFUtil.h */,
				1566EF2C1FB28A91001FBE1D /* UIViewController+QFUtil.m */,
				1566EF271FB1BB2F001FBE1D /* QFKit.h */,
			);
			path = QFUtil;
			sourceTree = "<group>";
		};
		1566EEB31FB19443001FBE1D /* QFSafeUtil */ = {
			isa = PBXGroup;
			children = (
				1566EEB41FB19443001FBE1D /* NSArray+QFSafeUtil.h */,
				1566EEB51FB19443001FBE1D /* NSArray+QFSafeUtil.m */,
				1566EEB61FB19443001FBE1D /* NSDictionary+QFSafeUtil.h */,
				1566EEB71FB19443001FBE1D /* NSDictionary+QFSafeUtil.m */,
				1566EEB81FB19443001FBE1D /* NSObject+QFSafeNotify.h */,
				1566EEB91FB19443001FBE1D /* NSObject+QFSafeNotify.m */,
				1566EEBA1FB19443001FBE1D /* NSObject+QFSafeSEL.h */,
				1566EEBB1FB19443001FBE1D /* NSObject+QFSafeSEL.m */,
				1566EEBC1FB19443001FBE1D /* NSObject+QFSwizzleUtil.h */,
				1566EEBD1FB19443001FBE1D /* NSObject+QFSwizzleUtil.m */,
				1566EEBE1FB19443001FBE1D /* NSString+QFSafeUtil.h */,
				1566EEBF1FB19443001FBE1D /* NSString+QFSafeUtil.m */,
				1566EEC01FB19443001FBE1D /* NSTimer+QFSafeUtil.h */,
				1566EEC11FB19443001FBE1D /* NSTimer+QFSafeUtil.m */,
				1566EEC21FB19443001FBE1D /* UIControl+QFSafeUtil.h */,
				1566EEC31FB19443001FBE1D /* UIControl+QFSafeUtil.m */,
			);
			path = QFSafeUtil;
			sourceTree = "<group>";
		};
		1566EECC1FB194F6001FBE1D /* QFTable */ = {
			isa = PBXGroup;
			children = (
				1566EEE31FB195FB001FBE1D /* QFCellTool */,
				1566EECD1FB194F6001FBE1D /* Model */,
				1566EED41FB194F6001FBE1D /* NSObject+selector */,
				1566EED71FB194F6001FBE1D /* UILabel+QFUtil */,
				1566EEDA1FB194F6001FBE1D /* View */,
			);
			path = QFTable;
			sourceTree = "<group>";
		};
		1566EECD1FB194F6001FBE1D /* Model */ = {
			isa = PBXGroup;
			children = (
				1566EECE1FB194F6001FBE1D /* QFCellModel.h */,
				1566EECF1FB194F6001FBE1D /* QFCellModel.m */,
				1566EED01FB194F6001FBE1D /* QFSectionModel.h */,
				1566EED11FB194F6001FBE1D /* QFSectionModel.m */,
				1566EED21FB194F6001FBE1D /* QFTableModel.h */,
				1566EED31FB194F6001FBE1D /* QFTableModel.m */,
			);
			path = Model;
			sourceTree = "<group>";
		};
		1566EED41FB194F6001FBE1D /* NSObject+selector */ = {
			isa = PBXGroup;
			children = (
				1566EED51FB194F6001FBE1D /* NSObject+selector.h */,
				1566EED61FB194F6001FBE1D /* NSObject+selector.m */,
			);
			path = "NSObject+selector";
			sourceTree = "<group>";
		};
		1566EED71FB194F6001FBE1D /* UILabel+QFUtil */ = {
			isa = PBXGroup;
			children = (
				1566EED81FB194F6001FBE1D /* UILabel+QFUtil.h */,
				1566EED91FB194F6001FBE1D /* UILabel+QFUtil.m */,
			);
			path = "UILabel+QFUtil";
			sourceTree = "<group>";
		};
		1566EEDA1FB194F6001FBE1D /* View */ = {
			isa = PBXGroup;
			children = (
				1566EEDB1FB194F6001FBE1D /* QFTableView.h */,
				1566EEDC1FB194F6001FBE1D /* QFTableView.m */,
			);
			path = View;
			sourceTree = "<group>";
		};
		1566EEE31FB195FB001FBE1D /* QFCellTool */ = {
			isa = PBXGroup;
			children = (
				1566EEE41FB195FB001FBE1D /* Cells */,
				1566EEF11FB195FB001FBE1D /* Define */,
				1566EEF31FB195FB001FBE1D /* Resource */,
			);
			path = QFCellTool;
			sourceTree = "<group>";
		};
		1566EEE41FB195FB001FBE1D /* Cells */ = {
			isa = PBXGroup;
			children = (
				1566EEE51FB195FB001FBE1D /* QFBaseCell.h */,
				1566EEE61FB195FB001FBE1D /* QFBaseCell.m */,
				1566EEE71FB195FB001FBE1D /* QFCustomCell.h */,
				1566EEE81FB195FB001FBE1D /* QFCustomCell.m */,
				1566EEE91FB195FB001FBE1D /* QFLeftImageCell.h */,
				1566EEEA1FB195FB001FBE1D /* QFLeftImageCell.m */,
				1566EEEB1FB195FB001FBE1D /* QFLogoCell.h */,
				1566EEEC1FB195FB001FBE1D /* QFLogoCell.m */,
				1566EEED1FB195FB001FBE1D /* QFRightImageCell.h */,
				1566EEEE1FB195FB001FBE1D /* QFRightImageCell.m */,
				1566EEEF1FB195FB001FBE1D /* QFSwitchCell.h */,
				1566EEF01FB195FB001FBE1D /* QFSwitchCell.m */,
			);
			path = Cells;
			sourceTree = "<group>";
		};
		1566EEF11FB195FB001FBE1D /* Define */ = {
			isa = PBXGroup;
			children = (
				1566EEF21FB195FB001FBE1D /* QFWeakDefine.h */,
			);
			path = Define;
			sourceTree = "<group>";
		};
		1566EEF31FB195FB001FBE1D /* Resource */ = {
			isa = PBXGroup;
			children = (
				1566EEF41FB195FB001FBE1D /* jsonFile.geojson */,
			);
			path = Resource;
			sourceTree = "<group>";
		};
		1566EF191FB1BAF0001FBE1D /* Public */ = {
			isa = PBXGroup;
			children = (
				1566EF421FB2A0A9001FBE1D /* MPProgressHUD */,
				1566EF3B1FB29FD2001FBE1D /* NetService */,
				1566EF341FB29E52001FBE1D /* MGRefreshViews */,
				1566EF1A1FB1BAF0001FBE1D /* MGRequestResultView.h */,
				1566EF1B1FB1BAF0001FBE1D /* MGRequestResultView.m */,
				1566EF1C1FB1BAF0001FBE1D /* MGRequestResultView.xib */,
				1566EF1D1FB1BAF0001FBE1D /* MGUIToolKits.h */,
				1566EF1E1FB1BAF0001FBE1D /* MGUIToolKits.m */,
				1566EF1F1FB1BAF0001FBE1D /* MGWaitingView.h */,
				1566EF201FB1BAF0001FBE1D /* MGWaitingView.m */,
				1566EF211FB1BAF0001FBE1D /* MGWaitingView.xib */,
			);
			path = Public;
			sourceTree = "<group>";
		};
		1566EF341FB29E52001FBE1D /* MGRefreshViews */ = {
			isa = PBXGroup;
			children = (
				1566EF351FB29E52001FBE1D /* MGRefreshFooter.h */,
				1566EF361FB29E52001FBE1D /* MGRefreshFooter.m */,
				1566EF371FB29E52001FBE1D /* MGRefreshHeader.h */,
				1566EF381FB29E52001FBE1D /* MGRefreshHeader.m */,
			);
			path = MGRefreshViews;
			sourceTree = "<group>";
		};
		1566EF3B1FB29FD2001FBE1D /* NetService */ = {
			isa = PBXGroup;
			children = (
				1566EF3C1FB29FD2001FBE1D /* ConstHttpUrl.h */,
				1566EF3D1FB29FD2001FBE1D /* ConstHttpUrl.m */,
				1566EF3E1FB29FD2001FBE1D /* MGRequestManager.h */,
				1566EF3F1FB29FD2001FBE1D /* MGRequestManager.m */,
			);
			path = NetService;
			sourceTree = "<group>";
		};
		1566EF421FB2A0A9001FBE1D /* MPProgressHUD */ = {
			isa = PBXGroup;
			children = (
				1566EF431FB2A0A9001FBE1D /* MGMBProgressHUD.h */,
				1566EF441FB2A0A9001FBE1D /* MGMBProgressHUD.m */,
			);
			path = MPProgressHUD;
			sourceTree = "<group>";
		};
		292F24F0E9A4FFBE24A0F65D /* Frameworks */ = {
			isa = PBXGroup;
			children = (
				C9937C3AA22CB85CADD67BEC /* libPods-QFProj.a */,
			);
			name = Frameworks;
			sourceTree = "<group>";
		};
		98DAACCCF7D509246CB4FA10 /* Pods */ = {
			isa = PBXGroup;
			children = (
				CF8CC7C9C1725C395D314B6C /* Pods-QFProj.debug.xcconfig */,
				6A41D332CA9FDEF05163BCBF /* Pods-QFProj.release.xcconfig */,
			);
			name = Pods;
			sourceTree = "<group>";
		};
/* End PBXGroup section */

/* Begin PBXNativeTarget section */
		1566EE531FB190AC001FBE1D /* QFProj */ = {
			isa = PBXNativeTarget;
			buildConfigurationList = 1566EE6A1FB190AC001FBE1D /* Build configuration list for PBXNativeTarget "QFProj" */;
			buildPhases = (
				32FC326AD6DA37EB1D52702A /* [CP] Check Pods Manifest.lock */,
				1566EE501FB190AC001FBE1D /* Sources */,
				1566EE511FB190AC001FBE1D /* Frameworks */,
				1566EE521FB190AC001FBE1D /* Resources */,
				52908049F865CF352B42609B /* [CP] Embed Pods Frameworks */,
				E641122236C3DE444AFEEBFC /* [CP] Copy Pods Resources */,
			);
			buildRules = (
			);
			dependencies = (
			);
			name = QFProj;
			productName = QFProj;
			productReference = 1566EE541FB190AC001FBE1D /* QFProj.app */;
			productType = "com.apple.product-type.application";
		};
/* End PBXNativeTarget section */

/* Begin PBXProject section */
		1566EE4C1FB190AC001FBE1D /* Project object */ = {
			isa = PBXProject;
			attributes = {
				LastUpgradeCheck = 0910;
				ORGANIZATIONNAME = dqfStudio;
				TargetAttributes = {
					1566EE531FB190AC001FBE1D = {
						CreatedOnToolsVersion = 9.1;
						ProvisioningStyle = Automatic;
					};
				};
			};
			buildConfigurationList = 1566EE4F1FB190AC001FBE1D /* Build configuration list for PBXProject "QFProj" */;
			compatibilityVersion = "Xcode 8.0";
			developmentRegion = en;
			hasScannedForEncodings = 0;
			knownRegions = (
				en,
				Base,
			);
			mainGroup = 1566EE4B1FB190AC001FBE1D;
			productRefGroup = 1566EE551FB190AC001FBE1D /* Products */;
			projectDirPath = "";
			projectRoot = "";
			targets = (
				1566EE531FB190AC001FBE1D /* QFProj */,
			);
		};
/* End PBXProject section */

/* Begin PBXResourcesBuildPhase section */
		1566EE521FB190AC001FBE1D /* Resources */ = {
			isa = PBXResourcesBuildPhase;
			buildActionMask = 2147483647;
			files = (
				1566EF261FB1BAF1001FBE1D /* MGWaitingView.xib in Resources */,
				1566EE641FB190AC001FBE1D /* LaunchScreen.storyboard in Resources */,
				1566EF231FB1BAF1001FBE1D /* MGRequestResultView.xib in Resources */,
				1566EEFB1FB195FB001FBE1D /* jsonFile.geojson in Resources */,
				1566EE611FB190AC001FBE1D /* Assets.xcassets in Resources */,
				1566EE5F1FB190AC001FBE1D /* Main.storyboard in Resources */,
			);
			runOnlyForDeploymentPostprocessing = 0;
		};
/* End PBXResourcesBuildPhase section */

/* Begin PBXShellScriptBuildPhase section */
		32FC326AD6DA37EB1D52702A /* [CP] Check Pods Manifest.lock */ = {
			isa = PBXShellScriptBuildPhase;
			buildActionMask = 2147483647;
			files = (
			);
			inputPaths = (
			);
			name = "[CP] Check Pods Manifest.lock";
			outputPaths = (
			);
			runOnlyForDeploymentPostprocessing = 0;
			shellPath = /bin/sh;
			shellScript = "diff \"${PODS_PODFILE_DIR_PATH}/Podfile.lock\" \"${PODS_ROOT}/Manifest.lock\" > /dev/null\nif [ $? != 0 ] ; then\n    # print error to STDERR\n    echo \"error: The sandbox is not in sync with the Podfile.lock. Run 'pod install' or update your CocoaPods installation.\" >&2\n    exit 1\nfi\n";
			showEnvVarsInLog = 0;
		};
		52908049F865CF352B42609B /* [CP] Embed Pods Frameworks */ = {
			isa = PBXShellScriptBuildPhase;
			buildActionMask = 2147483647;
			files = (
			);
			inputPaths = (
			);
			name = "[CP] Embed Pods Frameworks";
			outputPaths = (
			);
			runOnlyForDeploymentPostprocessing = 0;
			shellPath = /bin/sh;
			shellScript = "\"${SRCROOT}/Pods/Target Support Files/Pods-QFProj/Pods-QFProj-frameworks.sh\"\n";
			showEnvVarsInLog = 0;
		};
		E641122236C3DE444AFEEBFC /* [CP] Copy Pods Resources */ = {
			isa = PBXShellScriptBuildPhase;
			buildActionMask = 2147483647;
			files = (
			);
			inputPaths = (
			);
			name = "[CP] Copy Pods Resources";
			outputPaths = (
			);
			runOnlyForDeploymentPostprocessing = 0;
			shellPath = /bin/sh;
			shellScript = "\"${SRCROOT}/Pods/Target Support Files/Pods-QFProj/Pods-QFProj-resources.sh\"\n";
			showEnvVarsInLog = 0;
		};
/* End PBXShellScriptBuildPhase section */

/* Begin PBXSourcesBuildPhase section */
		1566EE501FB190AC001FBE1D /* Sources */ = {
			isa = PBXSourcesBuildPhase;
			buildActionMask = 2147483647;
			files = (
				1566EEDD1FB194F6001FBE1D /* QFCellModel.m in Sources */,
				1566EF221FB1BAF1001FBE1D /* MGRequestResultView.m in Sources */,
				1566EEA01FB1929E001FBE1D /* NSObject+QFPPList.m in Sources */,
				1566EEA21FB1929E001FBE1D /* NSObject+QFUtil.m in Sources */,
				1566EEC61FB19443001FBE1D /* NSObject+QFSafeNotify.m in Sources */,
				1566EEC51FB19443001FBE1D /* NSDictionary+QFSafeUtil.m in Sources */,
				1566EF391FB29E52001FBE1D /* MGRefreshFooter.m in Sources */,
				1566EEDF1FB194F6001FBE1D /* QFTableModel.m in Sources */,
				1566EF301FB28D10001FBE1D /* UIDevice+QFUtil.m in Sources */,
				1566EEB11FB1929E001FBE1D /* UIViewController+QFBackHandler.m in Sources */,
				1566EEC81FB19443001FBE1D /* NSObject+QFSwizzleUtil.m in Sources */,
				1566EF411FB29FD3001FBE1D /* MGRequestManager.m in Sources */,
				1566EEF91FB195FB001FBE1D /* QFRightImageCell.m in Sources */,
				1566EEA41FB1929E001FBE1D /* NSString+QFUtil.m in Sources */,
				1566EEDE1FB194F6001FBE1D /* QFSectionModel.m in Sources */,
				1566EEE01FB194F6001FBE1D /* NSObject+selector.m in Sources */,
				1566EEC91FB19443001FBE1D /* NSString+QFSafeUtil.m in Sources */,
				1566EECA1FB19443001FBE1D /* NSTimer+QFSafeUtil.m in Sources */,
				1566EF2D1FB28A91001FBE1D /* UIViewController+QFUtil.m in Sources */,
				1566EE5C1FB190AC001FBE1D /* ViewController.m in Sources */,
				1566EEC71FB19443001FBE1D /* NSObject+QFSafeSEL.m in Sources */,
				1566EEC41FB19443001FBE1D /* NSArray+QFSafeUtil.m in Sources */,
				1566EEAF1FB1929E001FBE1D /* UIView+QFImage.m in Sources */,
				1566EEAD1FB1929E001FBE1D /* UINavigationController+QFUtil.m in Sources */,
				1566EF401FB29FD3001FBE1D /* ConstHttpUrl.m in Sources */,
				1566EEB21FB1929E001FBE1D /* UIViewController+QFPrinter.m in Sources */,
				1566EF3A1FB29E52001FBE1D /* MGRefreshHeader.m in Sources */,
				1566EEA61FB1929E001FBE1D /* QFDataConversion.m in Sources */,
				1566EEAB1FB1929E001FBE1D /* UIColor+QFUtil.m in Sources */,
				1566EEE21FB194F6001FBE1D /* QFTableView.m in Sources */,
				1566EF511FB35623001FBE1D /* UIFont+Util.m in Sources */,
				1566EEA71FB1929E001FBE1D /* QFHexConversion.m in Sources */,
				1566EECB1FB19443001FBE1D /* UIControl+QFSafeUtil.m in Sources */,
				1566EEA91FB1929E001FBE1D /* UIApplication+QFUtil.m in Sources */,
				1566EEF81FB195FB001FBE1D /* QFLogoCell.m in Sources */,
				1566EF181FB1B7AD001FBE1D /* UIGestureRecognizer+QFUtil.m in Sources */,
				1566EEAE1FB1929E001FBE1D /* UIScreen+QFUtil.m in Sources */,
				1566EE9F1FB1929E001FBE1D /* NSDate+QFUtil.m in Sources */,
				1566EEF61FB195FB001FBE1D /* QFCustomCell.m in Sources */,
				1566EF571FB35824001FBE1D /* UIImage+Util.m in Sources */,
				1566EE671FB190AC001FBE1D /* main.m in Sources */,
				1566EEF51FB195FB001FBE1D /* QFBaseCell.m in Sources */,
				1566EEE11FB194F6001FBE1D /* UILabel+QFUtil.m in Sources */,
				1566EEB01FB1929E001FBE1D /* UIView+QFUtil.m in Sources */,
				1566EEFA1FB195FB001FBE1D /* QFSwitchCell.m in Sources */,
				1566EEF71FB195FB001FBE1D /* QFLeftImageCell.m in Sources */,
				1566EEAA1FB1929E001FBE1D /* UIButton+QFUtil.m in Sources */,
				1566EE591FB190AC001FBE1D /* AppDelegate.m in Sources */,
				1566EF251FB1BAF1001FBE1D /* MGWaitingView.m in Sources */,
				1566EEA51FB1929E001FBE1D /* NSUserDefaults+QFUtil.m in Sources */,
				1566EF241FB1BAF1001FBE1D /* MGUIToolKits.m in Sources */,
				1566EEA11FB1929E001FBE1D /* NSObject+QFSwizzleUtil.m in Sources */,
				1566EF451FB2A0A9001FBE1D /* MGMBProgressHUD.m in Sources */,
			);
			runOnlyForDeploymentPostprocessing = 0;
		};
/* End PBXSourcesBuildPhase section */

/* Begin PBXVariantGroup section */
		1566EE5D1FB190AC001FBE1D /* Main.storyboard */ = {
			isa = PBXVariantGroup;
			children = (
				1566EE5E1FB190AC001FBE1D /* Base */,
			);
			name = Main.storyboard;
			sourceTree = "<group>";
		};
		1566EE621FB190AC001FBE1D /* LaunchScreen.storyboard */ = {
			isa = PBXVariantGroup;
			children = (
				1566EE631FB190AC001FBE1D /* Base */,
			);
			name = LaunchScreen.storyboard;
			sourceTree = "<group>";
		};
/* End PBXVariantGroup section */

/* Begin XCBuildConfiguration section */
		1566EE681FB190AC001FBE1D /* Debug */ = {
			isa = XCBuildConfiguration;
			buildSettings = {
				ALWAYS_SEARCH_USER_PATHS = NO;
				CLANG_ANALYZER_NONNULL = YES;
				CLANG_ANALYZER_NUMBER_OBJECT_CONVERSION = YES_AGGRESSIVE;
				CLANG_CXX_LANGUAGE_STANDARD = "gnu++14";
				CLANG_CXX_LIBRARY = "libc++";
				CLANG_ENABLE_MODULES = YES;
				CLANG_ENABLE_OBJC_ARC = YES;
				CLANG_WARN_BLOCK_CAPTURE_AUTORELEASING = YES;
				CLANG_WARN_BOOL_CONVERSION = YES;
				CLANG_WARN_COMMA = YES;
				CLANG_WARN_CONSTANT_CONVERSION = YES;
				CLANG_WARN_DIRECT_OBJC_ISA_USAGE = YES_ERROR;
				CLANG_WARN_DOCUMENTATION_COMMENTS = YES;
				CLANG_WARN_EMPTY_BODY = YES;
				CLANG_WARN_ENUM_CONVERSION = YES;
				CLANG_WARN_INFINITE_RECURSION = YES;
				CLANG_WARN_INT_CONVERSION = YES;
				CLANG_WARN_NON_LITERAL_NULL_CONVERSION = YES;
				CLANG_WARN_OBJC_LITERAL_CONVERSION = YES;
				CLANG_WARN_OBJC_ROOT_CLASS = YES_ERROR;
				CLANG_WARN_RANGE_LOOP_ANALYSIS = YES;
				CLANG_WARN_STRICT_PROTOTYPES = YES;
				CLANG_WARN_SUSPICIOUS_MOVE = YES;
				CLANG_WARN_UNGUARDED_AVAILABILITY = YES_AGGRESSIVE;
				CLANG_WARN_UNREACHABLE_CODE = YES;
				CLANG_WARN__DUPLICATE_METHOD_MATCH = YES;
				CODE_SIGN_IDENTITY = "iPhone Developer";
				COPY_PHASE_STRIP = NO;
				DEBUG_INFORMATION_FORMAT = dwarf;
				ENABLE_STRICT_OBJC_MSGSEND = YES;
				ENABLE_TESTABILITY = YES;
				GCC_C_LANGUAGE_STANDARD = gnu11;
				GCC_DYNAMIC_NO_PIC = NO;
				GCC_NO_COMMON_BLOCKS = YES;
				GCC_OPTIMIZATION_LEVEL = 0;
				GCC_PREPROCESSOR_DEFINITIONS = (
					"DEBUG=1",
					"$(inherited)",
				);
				GCC_WARN_64_TO_32_BIT_CONVERSION = YES;
				GCC_WARN_ABOUT_RETURN_TYPE = YES_ERROR;
				GCC_WARN_UNDECLARED_SELECTOR = YES;
				GCC_WARN_UNINITIALIZED_AUTOS = YES_AGGRESSIVE;
				GCC_WARN_UNUSED_FUNCTION = YES;
				GCC_WARN_UNUSED_VARIABLE = YES;
				IPHONEOS_DEPLOYMENT_TARGET = 11.1;
				MTL_ENABLE_DEBUG_INFO = YES;
				ONLY_ACTIVE_ARCH = YES;
				SDKROOT = iphoneos;
			};
			name = Debug;
		};
		1566EE691FB190AC001FBE1D /* Release */ = {
			isa = XCBuildConfiguration;
			buildSettings = {
				ALWAYS_SEARCH_USER_PATHS = NO;
				CLANG_ANALYZER_NONNULL = YES;
				CLANG_ANALYZER_NUMBER_OBJECT_CONVERSION = YES_AGGRESSIVE;
				CLANG_CXX_LANGUAGE_STANDARD = "gnu++14";
				CLANG_CXX_LIBRARY = "libc++";
				CLANG_ENABLE_MODULES = YES;
				CLANG_ENABLE_OBJC_ARC = YES;
				CLANG_WARN_BLOCK_CAPTURE_AUTORELEASING = YES;
				CLANG_WARN_BOOL_CONVERSION = YES;
				CLANG_WARN_COMMA = YES;
				CLANG_WARN_CONSTANT_CONVERSION = YES;
				CLANG_WARN_DIRECT_OBJC_ISA_USAGE = YES_ERROR;
				CLANG_WARN_DOCUMENTATION_COMMENTS = YES;
				CLANG_WARN_EMPTY_BODY = YES;
				CLANG_WARN_ENUM_CONVERSION = YES;
				CLANG_WARN_INFINITE_RECURSION = YES;
				CLANG_WARN_INT_CONVERSION = YES;
				CLANG_WARN_NON_LITERAL_NULL_CONVERSION = YES;
				CLANG_WARN_OBJC_LITERAL_CONVERSION = YES;
				CLANG_WARN_OBJC_ROOT_CLASS = YES_ERROR;
				CLANG_WARN_RANGE_LOOP_ANALYSIS = YES;
				CLANG_WARN_STRICT_PROTOTYPES = YES;
				CLANG_WARN_SUSPICIOUS_MOVE = YES;
				CLANG_WARN_UNGUARDED_AVAILABILITY = YES_AGGRESSIVE;
				CLANG_WARN_UNREACHABLE_CODE = YES;
				CLANG_WARN__DUPLICATE_METHOD_MATCH = YES;
				CODE_SIGN_IDENTITY = "iPhone Developer";
				COPY_PHASE_STRIP = NO;
				DEBUG_INFORMATION_FORMAT = "dwarf-with-dsym";
				ENABLE_NS_ASSERTIONS = NO;
				ENABLE_STRICT_OBJC_MSGSEND = YES;
				GCC_C_LANGUAGE_STANDARD = gnu11;
				GCC_NO_COMMON_BLOCKS = YES;
				GCC_WARN_64_TO_32_BIT_CONVERSION = YES;
				GCC_WARN_ABOUT_RETURN_TYPE = YES_ERROR;
				GCC_WARN_UNDECLARED_SELECTOR = YES;
				GCC_WARN_UNINITIALIZED_AUTOS = YES_AGGRESSIVE;
				GCC_WARN_UNUSED_FUNCTION = YES;
				GCC_WARN_UNUSED_VARIABLE = YES;
				IPHONEOS_DEPLOYMENT_TARGET = 11.1;
				MTL_ENABLE_DEBUG_INFO = NO;
				SDKROOT = iphoneos;
				VALIDATE_PRODUCT = YES;
			};
			name = Release;
		};
		1566EE6B1FB190AC001FBE1D /* Debug */ = {
			isa = XCBuildConfiguration;
			baseConfigurationReference = CF8CC7C9C1725C395D314B6C /* Pods-QFProj.debug.xcconfig */;
			buildSettings = {
				ASSETCATALOG_COMPILER_APPICON_NAME = AppIcon;
				CODE_SIGN_STYLE = Automatic;
				DEVELOPMENT_TEAM = Q65W64YB94;
				INFOPLIST_FILE = QFProj/Info.plist;
				LD_RUNPATH_SEARCH_PATHS = "$(inherited) @executable_path/Frameworks";
				PRODUCT_BUNDLE_IDENTIFIER = com.dqfStudio.QFProj;
				PRODUCT_NAME = "$(TARGET_NAME)";
				TARGETED_DEVICE_FAMILY = "1,2";
			};
			name = Debug;
		};
		1566EE6C1FB190AC001FBE1D /* Release */ = {
			isa = XCBuildConfiguration;
			baseConfigurationReference = 6A41D332CA9FDEF05163BCBF /* Pods-QFProj.release.xcconfig */;
			buildSettings = {
				ASSETCATALOG_COMPILER_APPICON_NAME = AppIcon;
				CODE_SIGN_STYLE = Automatic;
				DEVELOPMENT_TEAM = Q65W64YB94;
				INFOPLIST_FILE = QFProj/Info.plist;
				LD_RUNPATH_SEARCH_PATHS = "$(inherited) @executable_path/Frameworks";
				PRODUCT_BUNDLE_IDENTIFIER = com.dqfStudio.QFProj;
				PRODUCT_NAME = "$(TARGET_NAME)";
				TARGETED_DEVICE_FAMILY = "1,2";
			};
			name = Release;
		};
/* End XCBuildConfiguration section */

/* Begin XCConfigurationList section */
		1566EE4F1FB190AC001FBE1D /* Build configuration list for PBXProject "QFProj" */ = {
			isa = XCConfigurationList;
			buildConfigurations = (
				1566EE681FB190AC001FBE1D /* Debug */,
				1566EE691FB190AC001FBE1D /* Release */,
			);
			defaultConfigurationIsVisible = 0;
			defaultConfigurationName = Release;
		};
		1566EE6A1FB190AC001FBE1D /* Build configuration list for PBXNativeTarget "QFProj" */ = {
			isa = XCConfigurationList;
			buildConfigurations = (
				1566EE6B1FB190AC001FBE1D /* Debug */,
				1566EE6C1FB190AC001FBE1D /* Release */,
			);
			defaultConfigurationIsVisible = 0;
			defaultConfigurationName = Release;
		};
/* End XCConfigurationList section */
	};
	rootObject = 1566EE4C1FB190AC001FBE1D /* Project object */;
}
