// !$*UTF8*$!
{
	archiveVersion = 1;
	classes = {
	};
	objectVersion = 48;
	objects = {

/* Begin PBXBuildFile section */
		1522ECF7BA769D2B965B8FE0 /* libPods-QFProj.a in Frameworks */ = {isa = PBXBuildFile; fileRef = 198663F202B2A8F9F1BB04DD /* libPods-QFProj.a */; };
		15B4DD682092F88700773E04 /* AppDelegate.m in Sources */ = {isa = PBXBuildFile; fileRef = 15B4DD672092F88700773E04 /* AppDelegate.m */; };
		15B4DD6B2092F88700773E04 /* ViewController.m in Sources */ = {isa = PBXBuildFile; fileRef = 15B4DD6A2092F88700773E04 /* ViewController.m */; };
		15B4DD6E2092F88700773E04 /* Main.storyboard in Resources */ = {isa = PBXBuildFile; fileRef = 15B4DD6C2092F88700773E04 /* Main.storyboard */; };
		15B4DD702092F88700773E04 /* Assets.xcassets in Resources */ = {isa = PBXBuildFile; fileRef = 15B4DD6F2092F88700773E04 /* Assets.xcassets */; };
		15B4DD732092F88700773E04 /* LaunchScreen.storyboard in Resources */ = {isa = PBXBuildFile; fileRef = 15B4DD712092F88700773E04 /* LaunchScreen.storyboard */; };
		15B4DD762092F88700773E04 /* main.m in Sources */ = {isa = PBXBuildFile; fileRef = 15B4DD752092F88700773E04 /* main.m */; };
/* End PBXBuildFile section */

/* Begin PBXFileReference section */
		15B4DD632092F88700773E04 /* QFProj.app */ = {isa = PBXFileReference; explicitFileType = wrapper.application; includeInIndex = 0; path = QFProj.app; sourceTree = BUILT_PRODUCTS_DIR; };
		15B4DD662092F88700773E04 /* AppDelegate.h */ = {isa = PBXFileReference; lastKnownFileType = sourcecode.c.h; path = AppDelegate.h; sourceTree = "<group>"; };
		15B4DD672092F88700773E04 /* AppDelegate.m */ = {isa = PBXFileReference; lastKnownFileType = sourcecode.c.objc; path = AppDelegate.m; sourceTree = "<group>"; };
		15B4DD692092F88700773E04 /* ViewController.h */ = {isa = PBXFileReference; lastKnownFileType = sourcecode.c.h; path = ViewController.h; sourceTree = "<group>"; };
		15B4DD6A2092F88700773E04 /* ViewController.m */ = {isa = PBXFileReference; lastKnownFileType = sourcecode.c.objc; path = ViewController.m; sourceTree = "<group>"; };
		15B4DD6D2092F88700773E04 /* Base */ = {isa = PBXFileReference; lastKnownFileType = file.storyboard; name = Base; path = Base.lproj/Main.storyboard; sourceTree = "<group>"; };
		15B4DD6F2092F88700773E04 /* Assets.xcassets */ = {isa = PBXFileReference; lastKnownFileType = folder.assetcatalog; path = Assets.xcassets; sourceTree = "<group>"; };
		15B4DD722092F88700773E04 /* Base */ = {isa = PBXFileReference; lastKnownFileType = file.storyboard; name = Base; path = Base.lproj/LaunchScreen.storyboard; sourceTree = "<group>"; };
		15B4DD742092F88700773E04 /* Info.plist */ = {isa = PBXFileReference; lastKnownFileType = text.plist.xml; path = Info.plist; sourceTree = "<group>"; };
		15B4DD752092F88700773E04 /* main.m */ = {isa = PBXFileReference; lastKnownFileType = sourcecode.c.objc; path = main.m; sourceTree = "<group>"; };
		198663F202B2A8F9F1BB04DD /* libPods-QFProj.a */ = {isa = PBXFileReference; explicitFileType = archive.ar; includeInIndex = 0; path = "libPods-QFProj.a"; sourceTree = BUILT_PRODUCTS_DIR; };
		873CF97C0644F4B2C23B35F4 /* Pods-QFProj.debug.xcconfig */ = {isa = PBXFileReference; includeInIndex = 1; lastKnownFileType = text.xcconfig; name = "Pods-QFProj.debug.xcconfig"; path = "Pods/Target Support Files/Pods-QFProj/Pods-QFProj.debug.xcconfig"; sourceTree = "<group>"; };
		BAE4BCF1B650555967191862 /* Pods-QFProj.release.xcconfig */ = {isa = PBXFileReference; includeInIndex = 1; lastKnownFileType = text.xcconfig; name = "Pods-QFProj.release.xcconfig"; path = "Pods/Target Support Files/Pods-QFProj/Pods-QFProj.release.xcconfig"; sourceTree = "<group>"; };
/* End PBXFileReference section */

/* Begin PBXFrameworksBuildPhase section */
		15B4DD602092F88700773E04 /* Frameworks */ = {
			isa = PBXFrameworksBuildPhase;
			buildActionMask = 2147483647;
			files = (
				1522ECF7BA769D2B965B8FE0 /* libPods-QFProj.a in Frameworks */,
			);
			runOnlyForDeploymentPostprocessing = 0;
		};
/* End PBXFrameworksBuildPhase section */

/* Begin PBXGroup section */
		15B4DD5A2092F88700773E04 = {
			isa = PBXGroup;
			children = (
				15B4DD652092F88700773E04 /* QFProj */,
				15B4DD642092F88700773E04 /* Products */,
				F822D4345F37BEB603426313 /* Pods */,
				667465D0EFC9E0318C9E08FA /* Frameworks */,
			);
			sourceTree = "<group>";
		};
		15B4DD642092F88700773E04 /* Products */ = {
			isa = PBXGroup;
			children = (
				15B4DD632092F88700773E04 /* QFProj.app */,
			);
			name = Products;
			sourceTree = "<group>";
		};
		15B4DD652092F88700773E04 /* QFProj */ = {
			isa = PBXGroup;
			children = (
				15B4DD662092F88700773E04 /* AppDelegate.h */,
				15B4DD672092F88700773E04 /* AppDelegate.m */,
				15B4DD692092F88700773E04 /* ViewController.h */,
				15B4DD6A2092F88700773E04 /* ViewController.m */,
				15B4DD6C2092F88700773E04 /* Main.storyboard */,
				15B4DD6F2092F88700773E04 /* Assets.xcassets */,
				15B4DD712092F88700773E04 /* LaunchScreen.storyboard */,
				15B4DD742092F88700773E04 /* Info.plist */,
				15B4DD752092F88700773E04 /* main.m */,
			);
			path = QFProj;
			sourceTree = "<group>";
		};
		667465D0EFC9E0318C9E08FA /* Frameworks */ = {
			isa = PBXGroup;
			children = (
				198663F202B2A8F9F1BB04DD /* libPods-QFProj.a */,
			);
			name = Frameworks;
			sourceTree = "<group>";
		};
		F822D4345F37BEB603426313 /* Pods */ = {
			isa = PBXGroup;
			children = (
				873CF97C0644F4B2C23B35F4 /* Pods-QFProj.debug.xcconfig */,
				BAE4BCF1B650555967191862 /* Pods-QFProj.release.xcconfig */,
			);
			name = Pods;
			sourceTree = "<group>";
		};
/* End PBXGroup section */

/* Begin PBXNativeTarget section */
		15B4DD622092F88700773E04 /* QFProj */ = {
			isa = PBXNativeTarget;
			buildConfigurationList = 15B4DD792092F88700773E04 /* Build configuration list for PBXNativeTarget "QFProj" */;
			buildPhases = (
				C6675AD420C21B1519C27F8D /* [CP] Check Pods Manifest.lock */,
				15B4DD5F2092F88700773E04 /* Sources */,
				15B4DD602092F88700773E04 /* Frameworks */,
				15B4DD612092F88700773E04 /* Resources */,
				DDDDE745856DDF6F5620CACB /* [CP] Embed Pods Frameworks */,
				B35D8F54BE517B56D25708ED /* [CP] Copy Pods Resources */,
			);
			buildRules = (
			);
			dependencies = (
			);
			name = QFProj;
			productName = QFProj;
			productReference = 15B4DD632092F88700773E04 /* QFProj.app */;
			productType = "com.apple.product-type.application";
		};
/* End PBXNativeTarget section */

/* Begin PBXProject section */
		15B4DD5B2092F88700773E04 /* Project object */ = {
			isa = PBXProject;
			attributes = {
				LastUpgradeCheck = 0920;
				ORGANIZATIONNAME = dqfStudio;
				TargetAttributes = {
					15B4DD622092F88700773E04 = {
						CreatedOnToolsVersion = 9.2;
						ProvisioningStyle = Automatic;
					};
				};
			};
			buildConfigurationList = 15B4DD5E2092F88700773E04 /* Build configuration list for PBXProject "QFProj" */;
			compatibilityVersion = "Xcode 8.0";
			developmentRegion = en;
			hasScannedForEncodings = 0;
			knownRegions = (
				en,
				Base,
			);
			mainGroup = 15B4DD5A2092F88700773E04;
			productRefGroup = 15B4DD642092F88700773E04 /* Products */;
			projectDirPath = "";
			projectRoot = "";
			targets = (
				15B4DD622092F88700773E04 /* QFProj */,
			);
		};
/* End PBXProject section */

/* Begin PBXResourcesBuildPhase section */
		15B4DD612092F88700773E04 /* Resources */ = {
			isa = PBXResourcesBuildPhase;
			buildActionMask = 2147483647;
			files = (
				15B4DD732092F88700773E04 /* LaunchScreen.storyboard in Resources */,
				15B4DD702092F88700773E04 /* Assets.xcassets in Resources */,
				15B4DD6E2092F88700773E04 /* Main.storyboard in Resources */,
			);
			runOnlyForDeploymentPostprocessing = 0;
		};
/* End PBXResourcesBuildPhase section */

/* Begin PBXShellScriptBuildPhase section */
		B35D8F54BE517B56D25708ED /* [CP] Copy Pods Resources */ = {
			isa = PBXShellScriptBuildPhase;
			buildActionMask = 2147483647;
			files = (
			);
			inputPaths = (
				"${SRCROOT}/Pods/Target Support Files/Pods-QFProj/Pods-QFProj-resources.sh",
				"${PODS_ROOT}/MJRefresh/MJRefresh/MJRefresh.bundle",
			);
			name = "[CP] Copy Pods Resources";
			outputPaths = (
				"${TARGET_BUILD_DIR}/${UNLOCALIZED_RESOURCES_FOLDER_PATH}",
			);
			runOnlyForDeploymentPostprocessing = 0;
			shellPath = /bin/sh;
			shellScript = "\"${SRCROOT}/Pods/Target Support Files/Pods-QFProj/Pods-QFProj-resources.sh\"\n";
			showEnvVarsInLog = 0;
		};
		C6675AD420C21B1519C27F8D /* [CP] Check Pods Manifest.lock */ = {
			isa = PBXShellScriptBuildPhase;
			buildActionMask = 2147483647;
			files = (
			);
			inputPaths = (
				"${PODS_PODFILE_DIR_PATH}/Podfile.lock",
				"${PODS_ROOT}/Manifest.lock",
			);
			name = "[CP] Check Pods Manifest.lock";
			outputPaths = (
				"$(DERIVED_FILE_DIR)/Pods-QFProj-checkManifestLockResult.txt",
			);
			runOnlyForDeploymentPostprocessing = 0;
			shellPath = /bin/sh;
			shellScript = "diff \"${PODS_PODFILE_DIR_PATH}/Podfile.lock\" \"${PODS_ROOT}/Manifest.lock\" > /dev/null\nif [ $? != 0 ] ; then\n    # print error to STDERR\n    echo \"error: The sandbox is not in sync with the Podfile.lock. Run 'pod install' or update your CocoaPods installation.\" >&2\n    exit 1\nfi\n# This output is used by Xcode 'outputs' to avoid re-running this script phase.\necho \"SUCCESS\" > \"${SCRIPT_OUTPUT_FILE_0}\"\n";
			showEnvVarsInLog = 0;
		};
		DDDDE745856DDF6F5620CACB /* [CP] Embed Pods Frameworks */ = {
			isa = PBXShellScriptBuildPhase;
			buildActionMask = 2147483647;
			files = (
			);
			inputPaths = (
			);
			name = "[CP] Embed Pods Frameworks";
			outputPaths = (
			);
			runOnlyForDeploymentPostprocessing = 0;
			shellPath = /bin/sh;
			shellScript = "\"${SRCROOT}/Pods/Target Support Files/Pods-QFProj/Pods-QFProj-frameworks.sh\"\n";
			showEnvVarsInLog = 0;
		};
/* End PBXShellScriptBuildPhase section */

/* Begin PBXSourcesBuildPhase section */
		15B4DD5F2092F88700773E04 /* Sources */ = {
			isa = PBXSourcesBuildPhase;
			buildActionMask = 2147483647;
			files = (
				15B4DD6B2092F88700773E04 /* ViewController.m in Sources */,
				15B4DD762092F88700773E04 /* main.m in Sources */,
				15B4DD682092F88700773E04 /* AppDelegate.m in Sources */,
			);
			runOnlyForDeploymentPostprocessing = 0;
		};
/* End PBXSourcesBuildPhase section */

/* Begin PBXVariantGroup section */
		15B4DD6C2092F88700773E04 /* Main.storyboard */ = {
			isa = PBXVariantGroup;
			children = (
				15B4DD6D2092F88700773E04 /* Base */,
			);
			name = Main.storyboard;
			sourceTree = "<group>";
		};
		15B4DD712092F88700773E04 /* LaunchScreen.storyboard */ = {
			isa = PBXVariantGroup;
			children = (
				15B4DD722092F88700773E04 /* Base */,
			);
			name = LaunchScreen.storyboard;
			sourceTree = "<group>";
		};
/* End PBXVariantGroup section */

/* Begin XCBuildConfiguration section */
		15B4DD772092F88700773E04 /* Debug */ = {
			isa = XCBuildConfiguration;
			buildSettings = {
				ALWAYS_SEARCH_USER_PATHS = NO;
				CLANG_ANALYZER_NONNULL = YES;
				CLANG_ANALYZER_NUMBER_OBJECT_CONVERSION = YES_AGGRESSIVE;
				CLANG_CXX_LANGUAGE_STANDARD = "gnu++14";
				CLANG_CXX_LIBRARY = "libc++";
				CLANG_ENABLE_MODULES = YES;
				CLANG_ENABLE_OBJC_ARC = YES;
				CLANG_WARN_BLOCK_CAPTURE_AUTORELEASING = YES;
				CLANG_WARN_BOOL_CONVERSION = YES;
				CLANG_WARN_COMMA = YES;
				CLANG_WARN_CONSTANT_CONVERSION = YES;
				CLANG_WARN_DIRECT_OBJC_ISA_USAGE = YES_ERROR;
				CLANG_WARN_DOCUMENTATION_COMMENTS = YES;
				CLANG_WARN_EMPTY_BODY = YES;
				CLANG_WARN_ENUM_CONVERSION = YES;
				CLANG_WARN_INFINITE_RECURSION = YES;
				CLANG_WARN_INT_CONVERSION = YES;
				CLANG_WARN_NON_LITERAL_NULL_CONVERSION = YES;
				CLANG_WARN_OBJC_LITERAL_CONVERSION = YES;
				CLANG_WARN_OBJC_ROOT_CLASS = YES_ERROR;
				CLANG_WARN_RANGE_LOOP_ANALYSIS = YES;
				CLANG_WARN_STRICT_PROTOTYPES = YES;
				CLANG_WARN_SUSPICIOUS_MOVE = YES;
				CLANG_WARN_UNGUARDED_AVAILABILITY = YES_AGGRESSIVE;
				CLANG_WARN_UNREACHABLE_CODE = YES;
				CLANG_WARN__DUPLICATE_METHOD_MATCH = YES;
				CODE_SIGN_IDENTITY = "iPhone Developer";
				COPY_PHASE_STRIP = NO;
				DEBUG_INFORMATION_FORMAT = dwarf;
				ENABLE_STRICT_OBJC_MSGSEND = YES;
				ENABLE_TESTABILITY = YES;
				GCC_C_LANGUAGE_STANDARD = gnu11;
				GCC_DYNAMIC_NO_PIC = NO;
				GCC_NO_COMMON_BLOCKS = YES;
				GCC_OPTIMIZATION_LEVEL = 0;
				GCC_PREPROCESSOR_DEFINITIONS = (
					"DEBUG=1",
					"$(inherited)",
				);
				GCC_WARN_64_TO_32_BIT_CONVERSION = YES;
				GCC_WARN_ABOUT_RETURN_TYPE = YES_ERROR;
				GCC_WARN_UNDECLARED_SELECTOR = YES;
				GCC_WARN_UNINITIALIZED_AUTOS = YES_AGGRESSIVE;
				GCC_WARN_UNUSED_FUNCTION = YES;
				GCC_WARN_UNUSED_VARIABLE = YES;
				IPHONEOS_DEPLOYMENT_TARGET = 11.2;
				MTL_ENABLE_DEBUG_INFO = YES;
				ONLY_ACTIVE_ARCH = YES;
				SDKROOT = iphoneos;
			};
			name = Debug;
		};
		15B4DD782092F88700773E04 /* Release */ = {
			isa = XCBuildConfiguration;
			buildSettings = {
				ALWAYS_SEARCH_USER_PATHS = NO;
				CLANG_ANALYZER_NONNULL = YES;
				CLANG_ANALYZER_NUMBER_OBJECT_CONVERSION = YES_AGGRESSIVE;
				CLANG_CXX_LANGUAGE_STANDARD = "gnu++14";
				CLANG_CXX_LIBRARY = "libc++";
				CLANG_ENABLE_MODULES = YES;
				CLANG_ENABLE_OBJC_ARC = YES;
				CLANG_WARN_BLOCK_CAPTURE_AUTORELEASING = YES;
				CLANG_WARN_BOOL_CONVERSION = YES;
				CLANG_WARN_COMMA = YES;
				CLANG_WARN_CONSTANT_CONVERSION = YES;
				CLANG_WARN_DIRECT_OBJC_ISA_USAGE = YES_ERROR;
				CLANG_WARN_DOCUMENTATION_COMMENTS = YES;
				CLANG_WARN_EMPTY_BODY = YES;
				CLANG_WARN_ENUM_CONVERSION = YES;
				CLANG_WARN_INFINITE_RECURSION = YES;
				CLANG_WARN_INT_CONVERSION = YES;
				CLANG_WARN_NON_LITERAL_NULL_CONVERSION = YES;
				CLANG_WARN_OBJC_LITERAL_CONVERSION = YES;
				CLANG_WARN_OBJC_ROOT_CLASS = YES_ERROR;
				CLANG_WARN_RANGE_LOOP_ANALYSIS = YES;
				CLANG_WARN_STRICT_PROTOTYPES = YES;
				CLANG_WARN_SUSPICIOUS_MOVE = YES;
				CLANG_WARN_UNGUARDED_AVAILABILITY = YES_AGGRESSIVE;
				CLANG_WARN_UNREACHABLE_CODE = YES;
				CLANG_WARN__DUPLICATE_METHOD_MATCH = YES;
				CODE_SIGN_IDENTITY = "iPhone Developer";
				COPY_PHASE_STRIP = NO;
				DEBUG_INFORMATION_FORMAT = "dwarf-with-dsym";
				ENABLE_NS_ASSERTIONS = NO;
				ENABLE_STRICT_OBJC_MSGSEND = YES;
				GCC_C_LANGUAGE_STANDARD = gnu11;
				GCC_NO_COMMON_BLOCKS = YES;
				GCC_WARN_64_TO_32_BIT_CONVERSION = YES;
				GCC_WARN_ABOUT_RETURN_TYPE = YES_ERROR;
				GCC_WARN_UNDECLARED_SELECTOR = YES;
				GCC_WARN_UNINITIALIZED_AUTOS = YES_AGGRESSIVE;
				GCC_WARN_UNUSED_FUNCTION = YES;
				GCC_WARN_UNUSED_VARIABLE = YES;
				IPHONEOS_DEPLOYMENT_TARGET = 11.2;
				MTL_ENABLE_DEBUG_INFO = NO;
				SDKROOT = iphoneos;
				VALIDATE_PRODUCT = YES;
			};
			name = Release;
		};
		15B4DD7A2092F88700773E04 /* Debug */ = {
			isa = XCBuildConfiguration;
			baseConfigurationReference = 873CF97C0644F4B2C23B35F4 /* Pods-QFProj.debug.xcconfig */;
			buildSettings = {
				ASSETCATALOG_COMPILER_APPICON_NAME = AppIcon;
				CODE_SIGN_STYLE = Automatic;
				DEVELOPMENT_TEAM = Q65W64YB94;
				INFOPLIST_FILE = QFProj/Info.plist;
				LD_RUNPATH_SEARCH_PATHS = "$(inherited) @executable_path/Frameworks";
				PRODUCT_BUNDLE_IDENTIFIER = com.dqfStudio.QFProj;
				PRODUCT_NAME = "$(TARGET_NAME)";
				TARGETED_DEVICE_FAMILY = "1,2";
			};
			name = Debug;
		};
		15B4DD7B2092F88700773E04 /* Release */ = {
			isa = XCBuildConfiguration;
			baseConfigurationReference = BAE4BCF1B650555967191862 /* Pods-QFProj.release.xcconfig */;
			buildSettings = {
				ASSETCATALOG_COMPILER_APPICON_NAME = AppIcon;
				CODE_SIGN_STYLE = Automatic;
				DEVELOPMENT_TEAM = Q65W64YB94;
				INFOPLIST_FILE = QFProj/Info.plist;
				LD_RUNPATH_SEARCH_PATHS = "$(inherited) @executable_path/Frameworks";
				PRODUCT_BUNDLE_IDENTIFIER = com.dqfStudio.QFProj;
				PRODUCT_NAME = "$(TARGET_NAME)";
				TARGETED_DEVICE_FAMILY = "1,2";
			};
			name = Release;
		};
/* End XCBuildConfiguration section */

/* Begin XCConfigurationList section */
		15B4DD5E2092F88700773E04 /* Build configuration list for PBXProject "QFProj" */ = {
			isa = XCConfigurationList;
			buildConfigurations = (
				15B4DD772092F88700773E04 /* Debug */,
				15B4DD782092F88700773E04 /* Release */,
			);
			defaultConfigurationIsVisible = 0;
			defaultConfigurationName = Release;
		};
		15B4DD792092F88700773E04 /* Build configuration list for PBXNativeTarget "QFProj" */ = {
			isa = XCConfigurationList;
			buildConfigurations = (
				15B4DD7A2092F88700773E04 /* Debug */,
				15B4DD7B2092F88700773E04 /* Release */,
			);
			defaultConfigurationIsVisible = 0;
			defaultConfigurationName = Release;
		};
/* End XCConfigurationList section */
	};
	rootObject = 15B4DD5B2092F88700773E04 /* Project object */;
}
