PODS:
  - Masonry (1.0.2)
  - MJRefresh (3.1.12)
  - SDWebImage (4.1.0):
    - SDWebImage/Core (= 4.1.0)
  - SDWebImage/Core (4.1.0)
  - YPTabBarController (2.2.3)

DEPENDENCIES:
  - Masonry
  - MJRefresh
  - SDWebImage
  - YPTabBarController

SPEC CHECKSUMS:
  Masonry: 7c429b56da9d4ee0bbb3ed77a5ea710d6a5df39e
  MJRefresh: b96cdb21c4aa75a7b07654311ab2f315c497e806
  SDWebImage: 0e435c14e402a6730315a0fb79f95e68654d55a4
  YPTabBarController: 2e0e97b2d9d4b28b722ecb57700b7cd4d1b38a47

PODFILE CHECKSUM: 9850221bd648c3945bc44387a3162a54e33fb2b9

COCOAPODS: 1.2.1
